// !$*UTF8*$!
{
	archiveVersion = 1;
	classes = {
	};
	objectVersion = 46;
	objects = {

/* Begin PBXBuildFile section */
		1D24A68A16CCB00200604C66 /* CoreLocation.framework in Frameworks */ = {isa = PBXBuildFile; fileRef = 1D24A68916CCB00200604C66 /* CoreLocation.framework */; };
		DE4BCB68161638D4003F4A66 /* UIKit.framework in Frameworks */ = {isa = PBXBuildFile; fileRef = DE4BCB67161638D4003F4A66 /* UIKit.framework */; };
		DE4BCB6A161638D4003F4A66 /* Foundation.framework in Frameworks */ = {isa = PBXBuildFile; fileRef = DE4BCB69161638D4003F4A66 /* Foundation.framework */; };
		DE4BCB6C161638D4003F4A66 /* CoreGraphics.framework in Frameworks */ = {isa = PBXBuildFile; fileRef = DE4BCB6B161638D4003F4A66 /* CoreGraphics.framework */; };
		DE4BCB72161638D4003F4A66 /* InfoPlist.strings in Resources */ = {isa = PBXBuildFile; fileRef = DE4BCB70161638D4003F4A66 /* InfoPlist.strings */; };
		DE4BCB74161638D4003F4A66 /* main.m in Sources */ = {isa = PBXBuildFile; fileRef = DE4BCB73161638D4003F4A66 /* main.m */; };
		DE4BCB78161638D4003F4A66 /* AppDelegate.m in Sources */ = {isa = PBXBuildFile; fileRef = DE4BCB77161638D4003F4A66 /* AppDelegate.m */; };
		DE4BCB7B161638D4003F4A66 /* MainStoryboard.storyboard in Resources */ = {isa = PBXBuildFile; fileRef = DE4BCB79161638D4003F4A66 /* MainStoryboard.storyboard */; };
		DE4BCB7E161638D4003F4A66 /* ViewController.m in Sources */ = {isa = PBXBuildFile; fileRef = DE4BCB7D161638D4003F4A66 /* ViewController.m */; };
		DE4BCB871616392E003F4A66 /* CoreData.framework in Frameworks */ = {isa = PBXBuildFile; fileRef = DE4BCB861616392E003F4A66 /* CoreData.framework */; };
		DE4BCB8A16163987003F4A66 /* mydatamodel.xcdatamodeld in Sources */ = {isa = PBXBuildFile; fileRef = DE4BCB8816163987003F4A66 /* mydatamodel.xcdatamodeld */; };
		DEE2A441165C16840022391A /* SystemConfiguration.framework in Frameworks */ = {isa = PBXBuildFile; fileRef = DEE2A440165C16840022391A /* SystemConfiguration.framework */; };
		DEE2A444165C16890022391A /* MobileCoreServices.framework in Frameworks */ = {isa = PBXBuildFile; fileRef = DEE2A443165C16890022391A /* MobileCoreServices.framework */; };
		DEE53FB61761701600A1B192 /* CHANGELOG.md in Resources */ = {isa = PBXBuildFile; fileRef = DEE53F7F1761701600A1B192 /* CHANGELOG.md */; };
		DEE53FB71761701600A1B192 /* libstackmob-v2.0.0.a in Frameworks */ = {isa = PBXBuildFile; fileRef = DEE53FB51761701600A1B192 /* libstackmob-v2.0.0.a */; };
		DEE5C483162F36DD0024001B /* Default-568h@2x.png in Resources */ = {isa = PBXBuildFile; fileRef = DEE5C482162F36DD0024001B /* Default-568h@2x.png */; };
		DEE5C486162F36E50024001B /* Security.framework in Frameworks */ = {isa = PBXBuildFile; fileRef = DEE5C485162F36E50024001B /* Security.framework */; };
/* End PBXBuildFile section */

/* Begin PBXFileReference section */
		1D24A68916CCB00200604C66 /* CoreLocation.framework */ = {isa = PBXFileReference; lastKnownFileType = wrapper.framework; name = CoreLocation.framework; path = System/Library/Frameworks/CoreLocation.framework; sourceTree = SDKROOT; };
		DE4BCB63161638D4003F4A66 /* read.app */ = {isa = PBXFileReference; explicitFileType = wrapper.application; includeInIndex = 0; path = read.app; sourceTree = BUILT_PRODUCTS_DIR; };
		DE4BCB67161638D4003F4A66 /* UIKit.framework */ = {isa = PBXFileReference; lastKnownFileType = wrapper.framework; name = UIKit.framework; path = System/Library/Frameworks/UIKit.framework; sourceTree = SDKROOT; };
		DE4BCB69161638D4003F4A66 /* Foundation.framework */ = {isa = PBXFileReference; lastKnownFileType = wrapper.framework; name = Foundation.framework; path = System/Library/Frameworks/Foundation.framework; sourceTree = SDKROOT; };
		DE4BCB6B161638D4003F4A66 /* CoreGraphics.framework */ = {isa = PBXFileReference; lastKnownFileType = wrapper.framework; name = CoreGraphics.framework; path = System/Library/Frameworks/CoreGraphics.framework; sourceTree = SDKROOT; };
		DE4BCB6F161638D4003F4A66 /* read-Info.plist */ = {isa = PBXFileReference; lastKnownFileType = text.plist.xml; path = "read-Info.plist"; sourceTree = "<group>"; };
		DE4BCB71161638D4003F4A66 /* en */ = {isa = PBXFileReference; lastKnownFileType = text.plist.strings; name = en; path = en.lproj/InfoPlist.strings; sourceTree = "<group>"; };
		DE4BCB73161638D4003F4A66 /* main.m */ = {isa = PBXFileReference; lastKnownFileType = sourcecode.c.objc; path = main.m; sourceTree = "<group>"; };
		DE4BCB75161638D4003F4A66 /* read-Prefix.pch */ = {isa = PBXFileReference; lastKnownFileType = sourcecode.c.h; path = "read-Prefix.pch"; sourceTree = "<group>"; };
		DE4BCB76161638D4003F4A66 /* AppDelegate.h */ = {isa = PBXFileReference; lastKnownFileType = sourcecode.c.h; path = AppDelegate.h; sourceTree = "<group>"; };
		DE4BCB77161638D4003F4A66 /* AppDelegate.m */ = {isa = PBXFileReference; lastKnownFileType = sourcecode.c.objc; path = AppDelegate.m; sourceTree = "<group>"; };
		DE4BCB7A161638D4003F4A66 /* en */ = {isa = PBXFileReference; lastKnownFileType = file.storyboard; name = en; path = en.lproj/MainStoryboard.storyboard; sourceTree = "<group>"; };
		DE4BCB7C161638D4003F4A66 /* ViewController.h */ = {isa = PBXFileReference; lastKnownFileType = sourcecode.c.h; path = ViewController.h; sourceTree = "<group>"; };
		DE4BCB7D161638D4003F4A66 /* ViewController.m */ = {isa = PBXFileReference; lastKnownFileType = sourcecode.c.objc; path = ViewController.m; sourceTree = "<group>"; };
		DE4BCB861616392E003F4A66 /* CoreData.framework */ = {isa = PBXFileReference; lastKnownFileType = wrapper.framework; name = CoreData.framework; path = System/Library/Frameworks/CoreData.framework; sourceTree = SDKROOT; };
		DE4BCB8916163987003F4A66 /* mydatamodel.xcdatamodel */ = {isa = PBXFileReference; lastKnownFileType = wrapper.xcdatamodel; path = mydatamodel.xcdatamodel; sourceTree = "<group>"; };
		DEE2A440165C16840022391A /* SystemConfiguration.framework */ = {isa = PBXFileReference; lastKnownFileType = wrapper.framework; name = SystemConfiguration.framework; path = System/Library/Frameworks/SystemConfiguration.framework; sourceTree = SDKROOT; };
		DEE2A443165C16890022391A /* MobileCoreServices.framework */ = {isa = PBXFileReference; lastKnownFileType = wrapper.framework; name = MobileCoreServices.framework; path = System/Library/Frameworks/MobileCoreServices.framework; sourceTree = SDKROOT; };
		DEE53F7F1761701600A1B192 /* CHANGELOG.md */ = {isa = PBXFileReference; fileEncoding = 4; lastKnownFileType = text; path = CHANGELOG.md; sourceTree = "<group>"; };
		DEE53F811761701600A1B192 /* AFHTTPClient+StackMob.h */ = {isa = PBXFileReference; fileEncoding = 4; lastKnownFileType = sourcecode.c.h; path = "AFHTTPClient+StackMob.h"; sourceTree = "<group>"; };
		DEE53F821761701600A1B192 /* AFHTTPRequestOperation+RemoveContentType.h */ = {isa = PBXFileReference; fileEncoding = 4; lastKnownFileType = sourcecode.c.h; path = "AFHTTPRequestOperation+RemoveContentType.h"; sourceTree = "<group>"; };
		DEE53F841761701600A1B192 /* AFHTTPClient.h */ = {isa = PBXFileReference; fileEncoding = 4; lastKnownFileType = sourcecode.c.h; path = AFHTTPClient.h; sourceTree = "<group>"; };
		DEE53F851761701600A1B192 /* AFHTTPRequestOperation.h */ = {isa = PBXFileReference; fileEncoding = 4; lastKnownFileType = sourcecode.c.h; path = AFHTTPRequestOperation.h; sourceTree = "<group>"; };
		DEE53F861761701600A1B192 /* AFImageRequestOperation.h */ = {isa = PBXFileReference; fileEncoding = 4; lastKnownFileType = sourcecode.c.h; path = AFImageRequestOperation.h; sourceTree = "<group>"; };
		DEE53F871761701600A1B192 /* AFJSONRequestOperation.h */ = {isa = PBXFileReference; fileEncoding = 4; lastKnownFileType = sourcecode.c.h; path = AFJSONRequestOperation.h; sourceTree = "<group>"; };
		DEE53F881761701600A1B192 /* AFNetworkActivityIndicatorManager.h */ = {isa = PBXFileReference; fileEncoding = 4; lastKnownFileType = sourcecode.c.h; path = AFNetworkActivityIndicatorManager.h; sourceTree = "<group>"; };
		DEE53F891761701600A1B192 /* AFNetworking.h */ = {isa = PBXFileReference; fileEncoding = 4; lastKnownFileType = sourcecode.c.h; path = AFNetworking.h; sourceTree = "<group>"; };
		DEE53F8A1761701600A1B192 /* AFPropertyListRequestOperation.h */ = {isa = PBXFileReference; fileEncoding = 4; lastKnownFileType = sourcecode.c.h; path = AFPropertyListRequestOperation.h; sourceTree = "<group>"; };
		DEE53F8B1761701600A1B192 /* AFURLConnectionOperation.h */ = {isa = PBXFileReference; fileEncoding = 4; lastKnownFileType = sourcecode.c.h; path = AFURLConnectionOperation.h; sourceTree = "<group>"; };
		DEE53F8C1761701600A1B192 /* AFXMLRequestOperation.h */ = {isa = PBXFileReference; fileEncoding = 4; lastKnownFileType = sourcecode.c.h; path = AFXMLRequestOperation.h; sourceTree = "<group>"; };
		DEE53F8D1761701600A1B192 /* UIImageView+AFNetworking.h */ = {isa = PBXFileReference; fileEncoding = 4; lastKnownFileType = sourcecode.c.h; path = "UIImageView+AFNetworking.h"; sourceTree = "<group>"; };
		DEE53F8E1761701600A1B192 /* Base64EncodedStringFromData.h */ = {isa = PBXFileReference; fileEncoding = 4; lastKnownFileType = sourcecode.c.h; path = Base64EncodedStringFromData.h; sourceTree = "<group>"; };
		DEE53F8F1761701600A1B192 /* Common.h */ = {isa = PBXFileReference; fileEncoding = 4; lastKnownFileType = sourcecode.c.h; path = Common.h; sourceTree = "<group>"; };
		DEE53F901761701600A1B192 /* FileManagement.h */ = {isa = PBXFileReference; fileEncoding = 4; lastKnownFileType = sourcecode.c.h; path = FileManagement.h; sourceTree = "<group>"; };
		DEE53F911761701600A1B192 /* KeychainWrapper.h */ = {isa = PBXFileReference; fileEncoding = 4; lastKnownFileType = sourcecode.c.h; path = KeychainWrapper.h; sourceTree = "<group>"; };
		DEE53F921761701600A1B192 /* NSArray+Enumerable.h */ = {isa = PBXFileReference; fileEncoding = 4; lastKnownFileType = sourcecode.c.h; path = "NSArray+Enumerable.h"; sourceTree = "<group>"; };
		DEE53F931761701600A1B192 /* NSDictionary+AtomicCounter.h */ = {isa = PBXFileReference; fileEncoding = 4; lastKnownFileType = sourcecode.c.h; path = "NSDictionary+AtomicCounter.h"; sourceTree = "<group>"; };
		DEE53F941761701600A1B192 /* NSEntityDescription+StackMobSerialization.h */ = {isa = PBXFileReference; fileEncoding = 4; lastKnownFileType = sourcecode.c.h; path = "NSEntityDescription+StackMobSerialization.h"; sourceTree = "<group>"; };
		DEE53F951761701600A1B192 /* NSManagedObject+StackMobSerialization.h */ = {isa = PBXFileReference; fileEncoding = 4; lastKnownFileType = sourcecode.c.h; path = "NSManagedObject+StackMobSerialization.h"; sourceTree = "<group>"; };
		DEE53F961761701600A1B192 /* NSManagedObjectContext+Concurrency.h */ = {isa = PBXFileReference; fileEncoding = 4; lastKnownFileType = sourcecode.c.h; path = "NSManagedObjectContext+Concurrency.h"; sourceTree = "<group>"; };
		DEE53F971761701600A1B192 /* SMBinaryDataConversion.h */ = {isa = PBXFileReference; fileEncoding = 4; lastKnownFileType = sourcecode.c.h; path = SMBinaryDataConversion.h; sourceTree = "<group>"; };
		DEE53F981761701600A1B192 /* SMClient.h */ = {isa = PBXFileReference; fileEncoding = 4; lastKnownFileType = sourcecode.c.h; path = SMClient.h; sourceTree = "<group>"; };
		DEE53F991761701600A1B192 /* SMCoreDataStore.h */ = {isa = PBXFileReference; fileEncoding = 4; lastKnownFileType = sourcecode.c.h; path = SMCoreDataStore.h; sourceTree = "<group>"; };
		DEE53F9A1761701600A1B192 /* SMCustomCodeRequest.h */ = {isa = PBXFileReference; fileEncoding = 4; lastKnownFileType = sourcecode.c.h; path = SMCustomCodeRequest.h; sourceTree = "<group>"; };
		DEE53F9B1761701600A1B192 /* SMDataStore+Protected.h */ = {isa = PBXFileReference; fileEncoding = 4; lastKnownFileType = sourcecode.c.h; path = "SMDataStore+Protected.h"; sourceTree = "<group>"; };
		DEE53F9C1761701600A1B192 /* SMDataStore.h */ = {isa = PBXFileReference; fileEncoding = 4; lastKnownFileType = sourcecode.c.h; path = SMDataStore.h; sourceTree = "<group>"; };
		DEE53F9D1761701600A1B192 /* SMError.h */ = {isa = PBXFileReference; fileEncoding = 4; lastKnownFileType = sourcecode.c.h; path = SMError.h; sourceTree = "<group>"; };
		DEE53F9E1761701600A1B192 /* SMGeoPoint.h */ = {isa = PBXFileReference; fileEncoding = 4; lastKnownFileType = sourcecode.c.h; path = SMGeoPoint.h; sourceTree = "<group>"; };
		DEE53F9F1761701600A1B192 /* SMIncrementalStore+Query.h */ = {isa = PBXFileReference; fileEncoding = 4; lastKnownFileType = sourcecode.c.h; path = "SMIncrementalStore+Query.h"; sourceTree = "<group>"; };
		DEE53FA01761701600A1B192 /* SMIncrementalStore.h */ = {isa = PBXFileReference; fileEncoding = 4; lastKnownFileType = sourcecode.c.h; path = SMIncrementalStore.h; sourceTree = "<group>"; };
		DEE53FA11761701600A1B192 /* SMIncrementalStoreNode.h */ = {isa = PBXFileReference; fileEncoding = 4; lastKnownFileType = sourcecode.c.h; path = SMIncrementalStoreNode.h; sourceTree = "<group>"; };
		DEE53FA21761701600A1B192 /* SMJSONRequestOperation.h */ = {isa = PBXFileReference; fileEncoding = 4; lastKnownFileType = sourcecode.c.h; path = SMJSONRequestOperation.h; sourceTree = "<group>"; };
		DEE53FA31761701600A1B192 /* SMLocationManager.h */ = {isa = PBXFileReference; fileEncoding = 4; lastKnownFileType = sourcecode.c.h; path = SMLocationManager.h; sourceTree = "<group>"; };
		DEE53FA41761701600A1B192 /* SMNetworkReachability.h */ = {isa = PBXFileReference; fileEncoding = 4; lastKnownFileType = sourcecode.c.h; path = SMNetworkReachability.h; sourceTree = "<group>"; };
		DEE53FA51761701600A1B192 /* SMOAuth1Client.h */ = {isa = PBXFileReference; fileEncoding = 4; lastKnownFileType = sourcecode.c.h; path = SMOAuth1Client.h; sourceTree = "<group>"; };
		DEE53FA61761701600A1B192 /* SMOAuth2Client.h */ = {isa = PBXFileReference; fileEncoding = 4; lastKnownFileType = sourcecode.c.h; path = SMOAuth2Client.h; sourceTree = "<group>"; };
		DEE53FA71761701600A1B192 /* SMPredicate.h */ = {isa = PBXFileReference; fileEncoding = 4; lastKnownFileType = sourcecode.c.h; path = SMPredicate.h; sourceTree = "<group>"; };
		DEE53FA81761701600A1B192 /* SMPushClient.h */ = {isa = PBXFileReference; fileEncoding = 4; lastKnownFileType = sourcecode.c.h; path = SMPushClient.h; sourceTree = "<group>"; };
		DEE53FA91761701600A1B192 /* SMPushToken.h */ = {isa = PBXFileReference; fileEncoding = 4; lastKnownFileType = sourcecode.c.h; path = SMPushToken.h; sourceTree = "<group>"; };
		DEE53FAA1761701600A1B192 /* SMQuery.h */ = {isa = PBXFileReference; fileEncoding = 4; lastKnownFileType = sourcecode.c.h; path = SMQuery.h; sourceTree = "<group>"; };
		DEE53FAB1761701600A1B192 /* SMRequestOptions.h */ = {isa = PBXFileReference; fileEncoding = 4; lastKnownFileType = sourcecode.c.h; path = SMRequestOptions.h; sourceTree = "<group>"; };
		DEE53FAC1761701600A1B192 /* SMResponseBlocks.h */ = {isa = PBXFileReference; fileEncoding = 4; lastKnownFileType = sourcecode.c.h; path = SMResponseBlocks.h; sourceTree = "<group>"; };
		DEE53FAD1761701600A1B192 /* SMSyncedObject.h */ = {isa = PBXFileReference; fileEncoding = 4; lastKnownFileType = sourcecode.c.h; path = SMSyncedObject.h; sourceTree = "<group>"; };
		DEE53FAE1761701600A1B192 /* SMUserManagedObject.h */ = {isa = PBXFileReference; fileEncoding = 4; lastKnownFileType = sourcecode.c.h; path = SMUserManagedObject.h; sourceTree = "<group>"; };
		DEE53FAF1761701600A1B192 /* SMUserSession.h */ = {isa = PBXFileReference; fileEncoding = 4; lastKnownFileType = sourcecode.c.h; path = SMUserSession.h; sourceTree = "<group>"; };
		DEE53FB01761701600A1B192 /* SMVersion.h */ = {isa = PBXFileReference; fileEncoding = 4; lastKnownFileType = sourcecode.c.h; path = SMVersion.h; sourceTree = "<group>"; };
		DEE53FB11761701600A1B192 /* StackMob.h */ = {isa = PBXFileReference; fileEncoding = 4; lastKnownFileType = sourcecode.c.h; path = StackMob.h; sourceTree = "<group>"; };
		DEE53FB21761701600A1B192 /* StackMobPush.h */ = {isa = PBXFileReference; fileEncoding = 4; lastKnownFileType = sourcecode.c.h; path = StackMobPush.h; sourceTree = "<group>"; };
		DEE53FB31761701600A1B192 /* Synchronization.h */ = {isa = PBXFileReference; fileEncoding = 4; lastKnownFileType = sourcecode.c.h; path = Synchronization.h; sourceTree = "<group>"; };
		DEE53FB41761701600A1B192 /* SystemInformation.h */ = {isa = PBXFileReference; fileEncoding = 4; lastKnownFileType = sourcecode.c.h; path = SystemInformation.h; sourceTree = "<group>"; };
		DEE53FB51761701600A1B192 /* libstackmob-v2.0.0.a */ = {isa = PBXFileReference; lastKnownFileType = archive.ar; path = "libstackmob-v2.0.0.a"; sourceTree = "<group>"; };
		DEE5C482162F36DD0024001B /* Default-568h@2x.png */ = {isa = PBXFileReference; lastKnownFileType = image.png; path = "Default-568h@2x.png"; sourceTree = "<group>"; };
		DEE5C485162F36E50024001B /* Security.framework */ = {isa = PBXFileReference; lastKnownFileType = wrapper.framework; name = Security.framework; path = System/Library/Frameworks/Security.framework; sourceTree = SDKROOT; };
/* End PBXFileReference section */

/* Begin PBXFrameworksBuildPhase section */
		DE4BCB60161638D4003F4A66 /* Frameworks */ = {
			isa = PBXFrameworksBuildPhase;
			buildActionMask = 2147483647;
			files = (
				1D24A68A16CCB00200604C66 /* CoreLocation.framework in Frameworks */,
				DEE2A444165C16890022391A /* MobileCoreServices.framework in Frameworks */,
				DEE2A441165C16840022391A /* SystemConfiguration.framework in Frameworks */,
				DEE5C486162F36E50024001B /* Security.framework in Frameworks */,
				DE4BCB871616392E003F4A66 /* CoreData.framework in Frameworks */,
				DE4BCB68161638D4003F4A66 /* UIKit.framework in Frameworks */,
				DE4BCB6A161638D4003F4A66 /* Foundation.framework in Frameworks */,
				DE4BCB6C161638D4003F4A66 /* CoreGraphics.framework in Frameworks */,
				DEE53FB71761701600A1B192 /* libstackmob-v2.0.0.a in Frameworks */,
			);
			runOnlyForDeploymentPostprocessing = 0;
		};
/* End PBXFrameworksBuildPhase section */

/* Begin PBXGroup section */
		DE4BCB58161638D4003F4A66 = {
			isa = PBXGroup;
			children = (
				DEE53F7E1761701600A1B192 /* StackMob-v2.0.0 */,
				DE4BCB6D161638D4003F4A66 /* read */,
				DE4BCB66161638D4003F4A66 /* Frameworks */,
				DE4BCB64161638D4003F4A66 /* Products */,
			);
			sourceTree = "<group>";
		};
		DE4BCB64161638D4003F4A66 /* Products */ = {
			isa = PBXGroup;
			children = (
				DE4BCB63161638D4003F4A66 /* read.app */,
			);
			name = Products;
			sourceTree = "<group>";
		};
		DE4BCB66161638D4003F4A66 /* Frameworks */ = {
			isa = PBXGroup;
			children = (
				1D24A68916CCB00200604C66 /* CoreLocation.framework */,
				DEE2A443165C16890022391A /* MobileCoreServices.framework */,
				DEE2A440165C16840022391A /* SystemConfiguration.framework */,
				DEE5C485162F36E50024001B /* Security.framework */,
				DE4BCB861616392E003F4A66 /* CoreData.framework */,
				DE4BCB67161638D4003F4A66 /* UIKit.framework */,
				DE4BCB69161638D4003F4A66 /* Foundation.framework */,
				DE4BCB6B161638D4003F4A66 /* CoreGraphics.framework */,
			);
			name = Frameworks;
			sourceTree = "<group>";
		};
		DE4BCB6D161638D4003F4A66 /* read */ = {
			isa = PBXGroup;
			children = (
				DE4BCB76161638D4003F4A66 /* AppDelegate.h */,
				DE4BCB77161638D4003F4A66 /* AppDelegate.m */,
				DE4BCB79161638D4003F4A66 /* MainStoryboard.storyboard */,
				DE4BCB7C161638D4003F4A66 /* ViewController.h */,
				DE4BCB7D161638D4003F4A66 /* ViewController.m */,
				DE4BCB6E161638D4003F4A66 /* Supporting Files */,
				DE4BCB8816163987003F4A66 /* mydatamodel.xcdatamodeld */,
			);
			path = read;
			sourceTree = "<group>";
		};
		DE4BCB6E161638D4003F4A66 /* Supporting Files */ = {
			isa = PBXGroup;
			children = (
				DEE5C482162F36DD0024001B /* Default-568h@2x.png */,
				DE4BCB6F161638D4003F4A66 /* read-Info.plist */,
				DE4BCB70161638D4003F4A66 /* InfoPlist.strings */,
				DE4BCB73161638D4003F4A66 /* main.m */,
				DE4BCB75161638D4003F4A66 /* read-Prefix.pch */,
			);
			name = "Supporting Files";
			sourceTree = "<group>";
		};
		DEE53F7E1761701600A1B192 /* StackMob-v2.0.0 */ = {
			isa = PBXGroup;
			children = (
				DEE53F7F1761701600A1B192 /* CHANGELOG.md */,
				DEE53F801761701600A1B192 /* Headers */,
				DEE53FB51761701600A1B192 /* libstackmob-v2.0.0.a */,
			);
			path = "StackMob-v2.0.0";
			sourceTree = "<group>";
		};
		DEE53F801761701600A1B192 /* Headers */ = {
			isa = PBXGroup;
			children = (
				DEE53F811761701600A1B192 /* AFHTTPClient+StackMob.h */,
				DEE53F821761701600A1B192 /* AFHTTPRequestOperation+RemoveContentType.h */,
				DEE53F831761701600A1B192 /* AFNetworking */,
				DEE53F8E1761701600A1B192 /* Base64EncodedStringFromData.h */,
				DEE53F8F1761701600A1B192 /* Common.h */,
				DEE53F901761701600A1B192 /* FileManagement.h */,
				DEE53F911761701600A1B192 /* KeychainWrapper.h */,
				DEE53F921761701600A1B192 /* NSArray+Enumerable.h */,
				DEE53F931761701600A1B192 /* NSDictionary+AtomicCounter.h */,
				DEE53F941761701600A1B192 /* NSEntityDescription+StackMobSerialization.h */,
				DEE53F951761701600A1B192 /* NSManagedObject+StackMobSerialization.h */,
				DEE53F961761701600A1B192 /* NSManagedObjectContext+Concurrency.h */,
				DEE53F971761701600A1B192 /* SMBinaryDataConversion.h */,
				DEE53F981761701600A1B192 /* SMClient.h */,
				DEE53F991761701600A1B192 /* SMCoreDataStore.h */,
				DEE53F9A1761701600A1B192 /* SMCustomCodeRequest.h */,
				DEE53F9B1761701600A1B192 /* SMDataStore+Protected.h */,
				DEE53F9C1761701600A1B192 /* SMDataStore.h */,
				DEE53F9D1761701600A1B192 /* SMError.h */,
				DEE53F9E1761701600A1B192 /* SMGeoPoint.h */,
				DEE53F9F1761701600A1B192 /* SMIncrementalStore+Query.h */,
				DEE53FA01761701600A1B192 /* SMIncrementalStore.h */,
				DEE53FA11761701600A1B192 /* SMIncrementalStoreNode.h */,
				DEE53FA21761701600A1B192 /* SMJSONRequestOperation.h */,
				DEE53FA31761701600A1B192 /* SMLocationManager.h */,
				DEE53FA41761701600A1B192 /* SMNetworkReachability.h */,
				DEE53FA51761701600A1B192 /* SMOAuth1Client.h */,
				DEE53FA61761701600A1B192 /* SMOAuth2Client.h */,
				DEE53FA71761701600A1B192 /* SMPredicate.h */,
				DEE53FA81761701600A1B192 /* SMPushClient.h */,
				DEE53FA91761701600A1B192 /* SMPushToken.h */,
				DEE53FAA1761701600A1B192 /* SMQuery.h */,
				DEE53FAB1761701600A1B192 /* SMRequestOptions.h */,
				DEE53FAC1761701600A1B192 /* SMResponseBlocks.h */,
				DEE53FAD1761701600A1B192 /* SMSyncedObject.h */,
				DEE53FAE1761701600A1B192 /* SMUserManagedObject.h */,
				DEE53FAF1761701600A1B192 /* SMUserSession.h */,
				DEE53FB01761701600A1B192 /* SMVersion.h */,
				DEE53FB11761701600A1B192 /* StackMob.h */,
				DEE53FB21761701600A1B192 /* StackMobPush.h */,
				DEE53FB31761701600A1B192 /* Synchronization.h */,
				DEE53FB41761701600A1B192 /* SystemInformation.h */,
			);
			path = Headers;
			sourceTree = "<group>";
		};
		DEE53F831761701600A1B192 /* AFNetworking */ = {
			isa = PBXGroup;
			children = (
				DEE53F841761701600A1B192 /* AFHTTPClient.h */,
				DEE53F851761701600A1B192 /* AFHTTPRequestOperation.h */,
				DEE53F861761701600A1B192 /* AFImageRequestOperation.h */,
				DEE53F871761701600A1B192 /* AFJSONRequestOperation.h */,
				DEE53F881761701600A1B192 /* AFNetworkActivityIndicatorManager.h */,
				DEE53F891761701600A1B192 /* AFNetworking.h */,
				DEE53F8A1761701600A1B192 /* AFPropertyListRequestOperation.h */,
				DEE53F8B1761701600A1B192 /* AFURLConnectionOperation.h */,
				DEE53F8C1761701600A1B192 /* AFXMLRequestOperation.h */,
				DEE53F8D1761701600A1B192 /* UIImageView+AFNetworking.h */,
			);
			path = AFNetworking;
			sourceTree = "<group>";
		};
/* End PBXGroup section */

/* Begin PBXNativeTarget section */
		DE4BCB62161638D4003F4A66 /* read */ = {
			isa = PBXNativeTarget;
			buildConfigurationList = DE4BCB81161638D4003F4A66 /* Build configuration list for PBXNativeTarget "read" */;
			buildPhases = (
				DE4BCB5F161638D4003F4A66 /* Sources */,
				DE4BCB60161638D4003F4A66 /* Frameworks */,
				DE4BCB61161638D4003F4A66 /* Resources */,
			);
			buildRules = (
			);
			dependencies = (
			);
			name = read;
			productName = read;
			productReference = DE4BCB63161638D4003F4A66 /* read.app */;
			productType = "com.apple.product-type.application";
		};
/* End PBXNativeTarget section */

/* Begin PBXProject section */
		DE4BCB5A161638D4003F4A66 /* Project object */ = {
			isa = PBXProject;
			attributes = {
				LastUpgradeCheck = 0460;
				ORGANIZATIONNAME = StackMob;
			};
			buildConfigurationList = DE4BCB5D161638D4003F4A66 /* Build configuration list for PBXProject "read" */;
			compatibilityVersion = "Xcode 3.2";
			developmentRegion = English;
			hasScannedForEncodings = 0;
			knownRegions = (
				en,
			);
			mainGroup = DE4BCB58161638D4003F4A66;
			productRefGroup = DE4BCB64161638D4003F4A66 /* Products */;
			projectDirPath = "";
			projectRoot = "";
			targets = (
				DE4BCB62161638D4003F4A66 /* read */,
			);
		};
/* End PBXProject section */

/* Begin PBXResourcesBuildPhase section */
		DE4BCB61161638D4003F4A66 /* Resources */ = {
			isa = PBXResourcesBuildPhase;
			buildActionMask = 2147483647;
			files = (
				DE4BCB72161638D4003F4A66 /* InfoPlist.strings in Resources */,
				DE4BCB7B161638D4003F4A66 /* MainStoryboard.storyboard in Resources */,
				DEE5C483162F36DD0024001B /* Default-568h@2x.png in Resources */,
				DEE53FB61761701600A1B192 /* CHANGELOG.md in Resources */,
			);
			runOnlyForDeploymentPostprocessing = 0;
		};
/* End PBXResourcesBuildPhase section */

/* Begin PBXSourcesBuildPhase section */
		DE4BCB5F161638D4003F4A66 /* Sources */ = {
			isa = PBXSourcesBuildPhase;
			buildActionMask = 2147483647;
			files = (
				DE4BCB74161638D4003F4A66 /* main.m in Sources */,
				DE4BCB78161638D4003F4A66 /* AppDelegate.m in Sources */,
				DE4BCB7E161638D4003F4A66 /* ViewController.m in Sources */,
				DE4BCB8A16163987003F4A66 /* mydatamodel.xcdatamodeld in Sources */,
			);
			runOnlyForDeploymentPostprocessing = 0;
		};
/* End PBXSourcesBuildPhase section */

/* Begin PBXVariantGroup section */
		DE4BCB70161638D4003F4A66 /* InfoPlist.strings */ = {
			isa = PBXVariantGroup;
			children = (
				DE4BCB71161638D4003F4A66 /* en */,
			);
			name = InfoPlist.strings;
			sourceTree = "<group>";
		};
		DE4BCB79161638D4003F4A66 /* MainStoryboard.storyboard */ = {
			isa = PBXVariantGroup;
			children = (
				DE4BCB7A161638D4003F4A66 /* en */,
			);
			name = MainStoryboard.storyboard;
			sourceTree = "<group>";
		};
/* End PBXVariantGroup section */

/* Begin XCBuildConfiguration section */
		DE4BCB7F161638D4003F4A66 /* Debug */ = {
			isa = XCBuildConfiguration;
			buildSettings = {
				ALWAYS_SEARCH_USER_PATHS = NO;
				ARCHS = "$(ARCHS_STANDARD_32_BIT)";
				CLANG_CXX_LANGUAGE_STANDARD = "gnu++0x";
				CLANG_ENABLE_OBJC_ARC = YES;
				CLANG_WARN_CONSTANT_CONVERSION = YES;
				CLANG_WARN_ENUM_CONVERSION = YES;
				CLANG_WARN_INT_CONVERSION = YES;
				CLANG_WARN__DUPLICATE_METHOD_MATCH = YES;
				"CODE_SIGN_IDENTITY[sdk=iphoneos*]" = "iPhone Developer";
				COPY_PHASE_STRIP = NO;
				GCC_C_LANGUAGE_STANDARD = gnu99;
				GCC_DYNAMIC_NO_PIC = NO;
				GCC_OPTIMIZATION_LEVEL = 0;
				GCC_PREPROCESSOR_DEFINITIONS = (
					"DEBUG=1",
					"$(inherited)",
				);
				GCC_SYMBOLS_PRIVATE_EXTERN = NO;
				GCC_VERSION = com.apple.compilers.llvm.clang.1_0;
				GCC_WARN_ABOUT_RETURN_TYPE = YES;
				GCC_WARN_UNINITIALIZED_AUTOS = YES;
				GCC_WARN_UNUSED_VARIABLE = YES;
				IPHONEOS_DEPLOYMENT_TARGET = 5.1;
				SDKROOT = iphoneos;
			};
			name = Debug;
		};
		DE4BCB80161638D4003F4A66 /* Release */ = {
			isa = XCBuildConfiguration;
			buildSettings = {
				ALWAYS_SEARCH_USER_PATHS = NO;
				ARCHS = "$(ARCHS_STANDARD_32_BIT)";
				CLANG_CXX_LANGUAGE_STANDARD = "gnu++0x";
				CLANG_ENABLE_OBJC_ARC = YES;
				CLANG_WARN_CONSTANT_CONVERSION = YES;
				CLANG_WARN_ENUM_CONVERSION = YES;
				CLANG_WARN_INT_CONVERSION = YES;
				CLANG_WARN__DUPLICATE_METHOD_MATCH = YES;
				"CODE_SIGN_IDENTITY[sdk=iphoneos*]" = "iPhone Developer";
				COPY_PHASE_STRIP = YES;
				GCC_C_LANGUAGE_STANDARD = gnu99;
				GCC_VERSION = com.apple.compilers.llvm.clang.1_0;
				GCC_WARN_ABOUT_RETURN_TYPE = YES;
				GCC_WARN_UNINITIALIZED_AUTOS = YES;
				GCC_WARN_UNUSED_VARIABLE = YES;
				IPHONEOS_DEPLOYMENT_TARGET = 5.1;
				OTHER_CFLAGS = "-DNS_BLOCK_ASSERTIONS=1";
				SDKROOT = iphoneos;
				VALIDATE_PRODUCT = YES;
			};
			name = Release;
		};
		DE4BCB82161638D4003F4A66 /* Debug */ = {
			isa = XCBuildConfiguration;
			buildSettings = {
				GCC_PRECOMPILE_PREFIX_HEADER = YES;
				GCC_PREFIX_HEADER = "read/read-Prefix.pch";
				INFOPLIST_FILE = "read/read-Info.plist";
				LIBRARY_SEARCH_PATHS = (
					"$(inherited)",
					"\"$(SRCROOT)/StackMob-v2.0.0\"",
				);
				OTHER_LDFLAGS = "-ObjC";
				PRODUCT_NAME = read;
				WRAPPER_EXTENSION = app;
			};
			name = Debug;
		};
		DE4BCB83161638D4003F4A66 /* Release */ = {
			isa = XCBuildConfiguration;
			buildSettings = {
				GCC_PRECOMPILE_PREFIX_HEADER = YES;
				GCC_PREFIX_HEADER = "read/read-Prefix.pch";
				INFOPLIST_FILE = "read/read-Info.plist";
				LIBRARY_SEARCH_PATHS = (
					"$(inherited)",
					"\"$(SRCROOT)/StackMob-v2.0.0\"",
				);
				OTHER_LDFLAGS = "-ObjC";
				PRODUCT_NAME = read;
				WRAPPER_EXTENSION = app;
			};
			name = Release;
		};
/* End XCBuildConfiguration section */

/* Begin XCConfigurationList section */
		DE4BCB5D161638D4003F4A66 /* Build configuration list for PBXProject "read" */ = {
			isa = XCConfigurationList;
			buildConfigurations = (
				DE4BCB7F161638D4003F4A66 /* Debug */,
				DE4BCB80161638D4003F4A66 /* Release */,
			);
			defaultConfigurationIsVisible = 0;
			defaultConfigurationName = Release;
		};
		DE4BCB81161638D4003F4A66 /* Build configuration list for PBXNativeTarget "read" */ = {
			isa = XCConfigurationList;
			buildConfigurations = (
				DE4BCB82161638D4003F4A66 /* Debug */,
				DE4BCB83161638D4003F4A66 /* Release */,
			);
			defaultConfigurationIsVisible = 0;
			defaultConfigurationName = Release;
		};
/* End XCConfigurationList section */

/* Begin XCVersionGroup section */
		DE4BCB8816163987003F4A66 /* mydatamodel.xcdatamodeld */ = {
			isa = XCVersionGroup;
			children = (
				DE4BCB8916163987003F4A66 /* mydatamodel.xcdatamodel */,
			);
			currentVersion = DE4BCB8916163987003F4A66 /* mydatamodel.xcdatamodel */;
			path = mydatamodel.xcdatamodeld;
			sourceTree = "<group>";
			versionGroupType = wrapper.xcdatamodel;
		};
/* End XCVersionGroup section */
	};
	rootObject = DE4BCB5A161638D4003F4A66 /* Project object */;
}
