// !$*UTF8*$!
{
	archiveVersion = 1;
	classes = {
	};
	objectVersion = 46;
	objects = {

/* Begin PBXBuildFile section */
		DEA55E8616190B2B00E7AB2B /* UIKit.framework in Frameworks */ = {isa = PBXBuildFile; fileRef = DEA55E8516190B2B00E7AB2B /* UIKit.framework */; };
		DEA55E8816190B2B00E7AB2B /* Foundation.framework in Frameworks */ = {isa = PBXBuildFile; fileRef = DEA55E8716190B2B00E7AB2B /* Foundation.framework */; };
		DEA55E8A16190B2B00E7AB2B /* CoreGraphics.framework in Frameworks */ = {isa = PBXBuildFile; fileRef = DEA55E8916190B2B00E7AB2B /* CoreGraphics.framework */; };
		DEA55E9016190B2B00E7AB2B /* InfoPlist.strings in Resources */ = {isa = PBXBuildFile; fileRef = DEA55E8E16190B2B00E7AB2B /* InfoPlist.strings */; };
		DEA55E9216190B2B00E7AB2B /* main.m in Sources */ = {isa = PBXBuildFile; fileRef = DEA55E9116190B2B00E7AB2B /* main.m */; };
		DEA55E9616190B2B00E7AB2B /* AppDelegate.m in Sources */ = {isa = PBXBuildFile; fileRef = DEA55E9516190B2B00E7AB2B /* AppDelegate.m */; };
		DEA55E9916190B2B00E7AB2B /* MainStoryboard.storyboard in Resources */ = {isa = PBXBuildFile; fileRef = DEA55E9716190B2B00E7AB2B /* MainStoryboard.storyboard */; };
		DEA55E9C16190B2B00E7AB2B /* ViewController.m in Sources */ = {isa = PBXBuildFile; fileRef = DEA55E9B16190B2B00E7AB2B /* ViewController.m */; };
		DEA55EA316190B5500E7AB2B /* CoreData.framework in Frameworks */ = {isa = PBXBuildFile; fileRef = DEA55EA216190B5500E7AB2B /* CoreData.framework */; };
		DEA55ECB16190BA600E7AB2B /* CHANGELOG.md in Resources */ = {isa = PBXBuildFile; fileRef = DEA55EA516190BA600E7AB2B /* CHANGELOG.md */; };
		DEA55ECC16190BA600E7AB2B /* libstackmob-v1.1.3.a in Frameworks */ = {isa = PBXBuildFile; fileRef = DEA55ECA16190BA600E7AB2B /* libstackmob-v1.1.3.a */; };
		DEE2A3F5165C14720022391A /* SystemConfiguration.framework in Frameworks */ = {isa = PBXBuildFile; fileRef = DEE2A3F4165C14720022391A /* SystemConfiguration.framework */; };
		DEE2A3F8165C14780022391A /* MobileCoreServices.framework in Frameworks */ = {isa = PBXBuildFile; fileRef = DEE2A3F7165C14780022391A /* MobileCoreServices.framework */; };
		DEE5C449162F35410024001B /* Default-568h@2x.png in Resources */ = {isa = PBXBuildFile; fileRef = DEE5C448162F35410024001B /* Default-568h@2x.png */; };
		DEE5C44C162F354A0024001B /* Security.framework in Frameworks */ = {isa = PBXBuildFile; fileRef = DEE5C44B162F354A0024001B /* Security.framework */; };
/* End PBXBuildFile section */

/* Begin PBXFileReference section */
		DEA55E8116190B2B00E7AB2B /* datastore-crud.app */ = {isa = PBXFileReference; explicitFileType = wrapper.application; includeInIndex = 0; path = "datastore-crud.app"; sourceTree = BUILT_PRODUCTS_DIR; };
		DEA55E8516190B2B00E7AB2B /* UIKit.framework */ = {isa = PBXFileReference; lastKnownFileType = wrapper.framework; name = UIKit.framework; path = System/Library/Frameworks/UIKit.framework; sourceTree = SDKROOT; };
		DEA55E8716190B2B00E7AB2B /* Foundation.framework */ = {isa = PBXFileReference; lastKnownFileType = wrapper.framework; name = Foundation.framework; path = System/Library/Frameworks/Foundation.framework; sourceTree = SDKROOT; };
		DEA55E8916190B2B00E7AB2B /* CoreGraphics.framework */ = {isa = PBXFileReference; lastKnownFileType = wrapper.framework; name = CoreGraphics.framework; path = System/Library/Frameworks/CoreGraphics.framework; sourceTree = SDKROOT; };
		DEA55E8D16190B2B00E7AB2B /* datastore-crud-Info.plist */ = {isa = PBXFileReference; lastKnownFileType = text.plist.xml; path = "datastore-crud-Info.plist"; sourceTree = "<group>"; };
		DEA55E8F16190B2B00E7AB2B /* en */ = {isa = PBXFileReference; lastKnownFileType = text.plist.strings; name = en; path = en.lproj/InfoPlist.strings; sourceTree = "<group>"; };
		DEA55E9116190B2B00E7AB2B /* main.m */ = {isa = PBXFileReference; lastKnownFileType = sourcecode.c.objc; path = main.m; sourceTree = "<group>"; };
		DEA55E9316190B2B00E7AB2B /* datastore-crud-Prefix.pch */ = {isa = PBXFileReference; lastKnownFileType = sourcecode.c.h; path = "datastore-crud-Prefix.pch"; sourceTree = "<group>"; };
		DEA55E9416190B2B00E7AB2B /* AppDelegate.h */ = {isa = PBXFileReference; lastKnownFileType = sourcecode.c.h; path = AppDelegate.h; sourceTree = "<group>"; };
		DEA55E9516190B2B00E7AB2B /* AppDelegate.m */ = {isa = PBXFileReference; lastKnownFileType = sourcecode.c.objc; path = AppDelegate.m; sourceTree = "<group>"; };
		DEA55E9816190B2B00E7AB2B /* en */ = {isa = PBXFileReference; lastKnownFileType = file.storyboard; name = en; path = en.lproj/MainStoryboard.storyboard; sourceTree = "<group>"; };
		DEA55E9A16190B2B00E7AB2B /* ViewController.h */ = {isa = PBXFileReference; lastKnownFileType = sourcecode.c.h; path = ViewController.h; sourceTree = "<group>"; };
		DEA55E9B16190B2B00E7AB2B /* ViewController.m */ = {isa = PBXFileReference; lastKnownFileType = sourcecode.c.objc; path = ViewController.m; sourceTree = "<group>"; };
		DEA55EA216190B5500E7AB2B /* CoreData.framework */ = {isa = PBXFileReference; lastKnownFileType = wrapper.framework; name = CoreData.framework; path = System/Library/Frameworks/CoreData.framework; sourceTree = SDKROOT; };
		DEA55EA516190BA600E7AB2B /* CHANGELOG.md */ = {isa = PBXFileReference; fileEncoding = 4; lastKnownFileType = text; path = CHANGELOG.md; sourceTree = "<group>"; };
		DEA55EA716190BA600E7AB2B /* AFHTTPClient.h */ = {isa = PBXFileReference; fileEncoding = 4; lastKnownFileType = sourcecode.c.h; path = AFHTTPClient.h; sourceTree = "<group>"; };
		DEA55EA816190BA600E7AB2B /* AFHTTPRequestOperation.h */ = {isa = PBXFileReference; fileEncoding = 4; lastKnownFileType = sourcecode.c.h; path = AFHTTPRequestOperation.h; sourceTree = "<group>"; };
		DEA55EA916190BA600E7AB2B /* AFImageRequestOperation.h */ = {isa = PBXFileReference; fileEncoding = 4; lastKnownFileType = sourcecode.c.h; path = AFImageRequestOperation.h; sourceTree = "<group>"; };
		DEA55EAA16190BA600E7AB2B /* AFJSONRequestOperation.h */ = {isa = PBXFileReference; fileEncoding = 4; lastKnownFileType = sourcecode.c.h; path = AFJSONRequestOperation.h; sourceTree = "<group>"; };
		DEA55EAB16190BA600E7AB2B /* AFJSONUtilities.h */ = {isa = PBXFileReference; fileEncoding = 4; lastKnownFileType = sourcecode.c.h; path = AFJSONUtilities.h; sourceTree = "<group>"; };
		DEA55EAC16190BA600E7AB2B /* AFNetworkActivityIndicatorManager.h */ = {isa = PBXFileReference; fileEncoding = 4; lastKnownFileType = sourcecode.c.h; path = AFNetworkActivityIndicatorManager.h; sourceTree = "<group>"; };
		DEA55EAD16190BA600E7AB2B /* AFNetworking.h */ = {isa = PBXFileReference; fileEncoding = 4; lastKnownFileType = sourcecode.c.h; path = AFNetworking.h; sourceTree = "<group>"; };
		DEA55EAE16190BA600E7AB2B /* AFPropertyListRequestOperation.h */ = {isa = PBXFileReference; fileEncoding = 4; lastKnownFileType = sourcecode.c.h; path = AFPropertyListRequestOperation.h; sourceTree = "<group>"; };
		DEA55EAF16190BA600E7AB2B /* AFURLConnectionOperation.h */ = {isa = PBXFileReference; fileEncoding = 4; lastKnownFileType = sourcecode.c.h; path = AFURLConnectionOperation.h; sourceTree = "<group>"; };
		DEA55EB016190BA600E7AB2B /* AFXMLRequestOperation.h */ = {isa = PBXFileReference; fileEncoding = 4; lastKnownFileType = sourcecode.c.h; path = AFXMLRequestOperation.h; sourceTree = "<group>"; };
		DEA55EB116190BA600E7AB2B /* Base64EncodedStringFromData.h */ = {isa = PBXFileReference; fileEncoding = 4; lastKnownFileType = sourcecode.c.h; path = Base64EncodedStringFromData.h; sourceTree = "<group>"; };
		DEA55EB216190BA600E7AB2B /* NSArray+Enumerable.h */ = {isa = PBXFileReference; fileEncoding = 4; lastKnownFileType = sourcecode.c.h; path = "NSArray+Enumerable.h"; sourceTree = "<group>"; };
		DEA55EB316190BA600E7AB2B /* NSDictionary+AtomicCounter.h */ = {isa = PBXFileReference; fileEncoding = 4; lastKnownFileType = sourcecode.c.h; path = "NSDictionary+AtomicCounter.h"; sourceTree = "<group>"; };
		DEA55EB416190BA600E7AB2B /* NSEntityDescription+StackMobSerialization.h */ = {isa = PBXFileReference; fileEncoding = 4; lastKnownFileType = sourcecode.c.h; path = "NSEntityDescription+StackMobSerialization.h"; sourceTree = "<group>"; };
		DEA55EB516190BA600E7AB2B /* NSManagedObject+StackMobSerialization.h */ = {isa = PBXFileReference; fileEncoding = 4; lastKnownFileType = sourcecode.c.h; path = "NSManagedObject+StackMobSerialization.h"; sourceTree = "<group>"; };
		DEA55EB616190BA600E7AB2B /* SMBinaryDataConversion.h */ = {isa = PBXFileReference; fileEncoding = 4; lastKnownFileType = sourcecode.c.h; path = SMBinaryDataConversion.h; sourceTree = "<group>"; };
		DEA55EB716190BA600E7AB2B /* SMClient.h */ = {isa = PBXFileReference; fileEncoding = 4; lastKnownFileType = sourcecode.c.h; path = SMClient.h; sourceTree = "<group>"; };
		DEA55EB816190BA600E7AB2B /* SMCoreDataStore.h */ = {isa = PBXFileReference; fileEncoding = 4; lastKnownFileType = sourcecode.c.h; path = SMCoreDataStore.h; sourceTree = "<group>"; };
		DEA55EB916190BA600E7AB2B /* SMCustomCodeRequest.h */ = {isa = PBXFileReference; fileEncoding = 4; lastKnownFileType = sourcecode.c.h; path = SMCustomCodeRequest.h; sourceTree = "<group>"; };
		DEA55EBA16190BA600E7AB2B /* SMDataStore+Protected.h */ = {isa = PBXFileReference; fileEncoding = 4; lastKnownFileType = sourcecode.c.h; path = "SMDataStore+Protected.h"; sourceTree = "<group>"; };
		DEA55EBB16190BA600E7AB2B /* SMDataStore.h */ = {isa = PBXFileReference; fileEncoding = 4; lastKnownFileType = sourcecode.c.h; path = SMDataStore.h; sourceTree = "<group>"; };
		DEA55EBC16190BA600E7AB2B /* SMError.h */ = {isa = PBXFileReference; fileEncoding = 4; lastKnownFileType = sourcecode.c.h; path = SMError.h; sourceTree = "<group>"; };
		DEA55EBD16190BA600E7AB2B /* SMIncrementalStore+Query.h */ = {isa = PBXFileReference; fileEncoding = 4; lastKnownFileType = sourcecode.c.h; path = "SMIncrementalStore+Query.h"; sourceTree = "<group>"; };
		DEA55EBE16190BA600E7AB2B /* SMIncrementalStore.h */ = {isa = PBXFileReference; fileEncoding = 4; lastKnownFileType = sourcecode.c.h; path = SMIncrementalStore.h; sourceTree = "<group>"; };
		DEA55EBF16190BA600E7AB2B /* SMJSONRequestOperation.h */ = {isa = PBXFileReference; fileEncoding = 4; lastKnownFileType = sourcecode.c.h; path = SMJSONRequestOperation.h; sourceTree = "<group>"; };
		DEA55EC016190BA600E7AB2B /* SMModel.h */ = {isa = PBXFileReference; fileEncoding = 4; lastKnownFileType = sourcecode.c.h; path = SMModel.h; sourceTree = "<group>"; };
		DEA55EC116190BA600E7AB2B /* SMOAuth2Client.h */ = {isa = PBXFileReference; fileEncoding = 4; lastKnownFileType = sourcecode.c.h; path = SMOAuth2Client.h; sourceTree = "<group>"; };
		DEA55EC216190BA600E7AB2B /* SMQuery.h */ = {isa = PBXFileReference; fileEncoding = 4; lastKnownFileType = sourcecode.c.h; path = SMQuery.h; sourceTree = "<group>"; };
		DEA55EC316190BA600E7AB2B /* SMRequestOptions.h */ = {isa = PBXFileReference; fileEncoding = 4; lastKnownFileType = sourcecode.c.h; path = SMRequestOptions.h; sourceTree = "<group>"; };
		DEA55EC416190BA600E7AB2B /* SMResponseBlocks.h */ = {isa = PBXFileReference; fileEncoding = 4; lastKnownFileType = sourcecode.c.h; path = SMResponseBlocks.h; sourceTree = "<group>"; };
		DEA55EC516190BA600E7AB2B /* SMUserSession.h */ = {isa = PBXFileReference; fileEncoding = 4; lastKnownFileType = sourcecode.c.h; path = SMUserSession.h; sourceTree = "<group>"; };
		DEA55EC616190BA600E7AB2B /* SMVersion.h */ = {isa = PBXFileReference; fileEncoding = 4; lastKnownFileType = sourcecode.c.h; path = SMVersion.h; sourceTree = "<group>"; };
		DEA55EC716190BA600E7AB2B /* StackMob.h */ = {isa = PBXFileReference; fileEncoding = 4; lastKnownFileType = sourcecode.c.h; path = StackMob.h; sourceTree = "<group>"; };
		DEA55EC816190BA600E7AB2B /* Synchronization.h */ = {isa = PBXFileReference; fileEncoding = 4; lastKnownFileType = sourcecode.c.h; path = Synchronization.h; sourceTree = "<group>"; };
		DEA55EC916190BA600E7AB2B /* UIImageView+AFNetworking.h */ = {isa = PBXFileReference; fileEncoding = 4; lastKnownFileType = sourcecode.c.h; path = "UIImageView+AFNetworking.h"; sourceTree = "<group>"; };
		DEA55ECA16190BA600E7AB2B /* libstackmob-v1.1.3.a */ = {isa = PBXFileReference; lastKnownFileType = archive.ar; path = "libstackmob-v1.1.3.a"; sourceTree = "<group>"; };
		DEE2A3F4165C14720022391A /* SystemConfiguration.framework */ = {isa = PBXFileReference; lastKnownFileType = wrapper.framework; name = SystemConfiguration.framework; path = System/Library/Frameworks/SystemConfiguration.framework; sourceTree = SDKROOT; };
		DEE2A3F7165C14780022391A /* MobileCoreServices.framework */ = {isa = PBXFileReference; lastKnownFileType = wrapper.framework; name = MobileCoreServices.framework; path = System/Library/Frameworks/MobileCoreServices.framework; sourceTree = SDKROOT; };
		DEE5C448162F35410024001B /* Default-568h@2x.png */ = {isa = PBXFileReference; lastKnownFileType = image.png; path = "Default-568h@2x.png"; sourceTree = "<group>"; };
		DEE5C44B162F354A0024001B /* Security.framework */ = {isa = PBXFileReference; lastKnownFileType = wrapper.framework; name = Security.framework; path = System/Library/Frameworks/Security.framework; sourceTree = SDKROOT; };
/* End PBXFileReference section */

/* Begin PBXFrameworksBuildPhase section */
		DEA55E7E16190B2B00E7AB2B /* Frameworks */ = {
			isa = PBXFrameworksBuildPhase;
			buildActionMask = 2147483647;
			files = (
				DEE2A3F8165C14780022391A /* MobileCoreServices.framework in Frameworks */,
				DEE2A3F5165C14720022391A /* SystemConfiguration.framework in Frameworks */,
				DEE5C44C162F354A0024001B /* Security.framework in Frameworks */,
				DEA55EA316190B5500E7AB2B /* CoreData.framework in Frameworks */,
				DEA55E8616190B2B00E7AB2B /* UIKit.framework in Frameworks */,
				DEA55E8816190B2B00E7AB2B /* Foundation.framework in Frameworks */,
				DEA55E8A16190B2B00E7AB2B /* CoreGraphics.framework in Frameworks */,
				DEA55ECC16190BA600E7AB2B /* libstackmob-v1.1.3.a in Frameworks */,
			);
			runOnlyForDeploymentPostprocessing = 0;
		};
/* End PBXFrameworksBuildPhase section */

/* Begin PBXGroup section */
		DEA55E7616190B2B00E7AB2B = {
			isa = PBXGroup;
			children = (
				DEA55EA416190BA600E7AB2B /* StackMob-v1.1.3 */,
				DEA55E8B16190B2B00E7AB2B /* datastore-crud */,
				DEA55E8416190B2B00E7AB2B /* Frameworks */,
				DEA55E8216190B2B00E7AB2B /* Products */,
			);
			sourceTree = "<group>";
		};
		DEA55E8216190B2B00E7AB2B /* Products */ = {
			isa = PBXGroup;
			children = (
				DEA55E8116190B2B00E7AB2B /* datastore-crud.app */,
			);
			name = Products;
			sourceTree = "<group>";
		};
		DEA55E8416190B2B00E7AB2B /* Frameworks */ = {
			isa = PBXGroup;
			children = (
				DEE2A3F7165C14780022391A /* MobileCoreServices.framework */,
				DEE2A3F4165C14720022391A /* SystemConfiguration.framework */,
				DEE5C44B162F354A0024001B /* Security.framework */,
				DEA55EA216190B5500E7AB2B /* CoreData.framework */,
				DEA55E8516190B2B00E7AB2B /* UIKit.framework */,
				DEA55E8716190B2B00E7AB2B /* Foundation.framework */,
				DEA55E8916190B2B00E7AB2B /* CoreGraphics.framework */,
			);
			name = Frameworks;
			sourceTree = "<group>";
		};
		DEA55E8B16190B2B00E7AB2B /* datastore-crud */ = {
			isa = PBXGroup;
			children = (
				DEA55E9416190B2B00E7AB2B /* AppDelegate.h */,
				DEA55E9516190B2B00E7AB2B /* AppDelegate.m */,
				DEA55E9716190B2B00E7AB2B /* MainStoryboard.storyboard */,
				DEA55E9A16190B2B00E7AB2B /* ViewController.h */,
				DEA55E9B16190B2B00E7AB2B /* ViewController.m */,
				DEA55E8C16190B2B00E7AB2B /* Supporting Files */,
			);
			path = "datastore-crud";
			sourceTree = "<group>";
		};
		DEA55E8C16190B2B00E7AB2B /* Supporting Files */ = {
			isa = PBXGroup;
			children = (
				DEE5C448162F35410024001B /* Default-568h@2x.png */,
				DEA55E8D16190B2B00E7AB2B /* datastore-crud-Info.plist */,
				DEA55E8E16190B2B00E7AB2B /* InfoPlist.strings */,
				DEA55E9116190B2B00E7AB2B /* main.m */,
				DEA55E9316190B2B00E7AB2B /* datastore-crud-Prefix.pch */,
			);
			name = "Supporting Files";
			sourceTree = "<group>";
		};
		DEA55EA416190BA600E7AB2B /* StackMob-v1.1.3 */ = {
			isa = PBXGroup;
			children = (
				DEA55EA516190BA600E7AB2B /* CHANGELOG.md */,
				DEA55EA616190BA600E7AB2B /* Headers */,
				DEA55ECA16190BA600E7AB2B /* libstackmob-v1.1.3.a */,
			);
			path = "StackMob-v1.1.3";
			sourceTree = "<group>";
		};
		DEA55EA616190BA600E7AB2B /* Headers */ = {
			isa = PBXGroup;
			children = (
				DEA55EA716190BA600E7AB2B /* AFHTTPClient.h */,
				DEA55EA816190BA600E7AB2B /* AFHTTPRequestOperation.h */,
				DEA55EA916190BA600E7AB2B /* AFImageRequestOperation.h */,
				DEA55EAA16190BA600E7AB2B /* AFJSONRequestOperation.h */,
				DEA55EAB16190BA600E7AB2B /* AFJSONUtilities.h */,
				DEA55EAC16190BA600E7AB2B /* AFNetworkActivityIndicatorManager.h */,
				DEA55EAD16190BA600E7AB2B /* AFNetworking.h */,
				DEA55EAE16190BA600E7AB2B /* AFPropertyListRequestOperation.h */,
				DEA55EAF16190BA600E7AB2B /* AFURLConnectionOperation.h */,
				DEA55EB016190BA600E7AB2B /* AFXMLRequestOperation.h */,
				DEA55EB116190BA600E7AB2B /* Base64EncodedStringFromData.h */,
				DEA55EB216190BA600E7AB2B /* NSArray+Enumerable.h */,
				DEA55EB316190BA600E7AB2B /* NSDictionary+AtomicCounter.h */,
				DEA55EB416190BA600E7AB2B /* NSEntityDescription+StackMobSerialization.h */,
				DEA55EB516190BA600E7AB2B /* NSManagedObject+StackMobSerialization.h */,
				DEA55EB616190BA600E7AB2B /* SMBinaryDataConversion.h */,
				DEA55EB716190BA600E7AB2B /* SMClient.h */,
				DEA55EB816190BA600E7AB2B /* SMCoreDataStore.h */,
				DEA55EB916190BA600E7AB2B /* SMCustomCodeRequest.h */,
				DEA55EBA16190BA600E7AB2B /* SMDataStore+Protected.h */,
				DEA55EBB16190BA600E7AB2B /* SMDataStore.h */,
				DEA55EBC16190BA600E7AB2B /* SMError.h */,
				DEA55EBD16190BA600E7AB2B /* SMIncrementalStore+Query.h */,
				DEA55EBE16190BA600E7AB2B /* SMIncrementalStore.h */,
				DEA55EBF16190BA600E7AB2B /* SMJSONRequestOperation.h */,
				DEA55EC016190BA600E7AB2B /* SMModel.h */,
				DEA55EC116190BA600E7AB2B /* SMOAuth2Client.h */,
				DEA55EC216190BA600E7AB2B /* SMQuery.h */,
				DEA55EC316190BA600E7AB2B /* SMRequestOptions.h */,
				DEA55EC416190BA600E7AB2B /* SMResponseBlocks.h */,
				DEA55EC516190BA600E7AB2B /* SMUserSession.h */,
				DEA55EC616190BA600E7AB2B /* SMVersion.h */,
				DEA55EC716190BA600E7AB2B /* StackMob.h */,
				DEA55EC816190BA600E7AB2B /* Synchronization.h */,
				DEA55EC916190BA600E7AB2B /* UIImageView+AFNetworking.h */,
			);
			path = Headers;
			sourceTree = "<group>";
		};
/* End PBXGroup section */

/* Begin PBXNativeTarget section */
		DEA55E8016190B2B00E7AB2B /* datastore-crud */ = {
			isa = PBXNativeTarget;
			buildConfigurationList = DEA55E9F16190B2B00E7AB2B /* Build configuration list for PBXNativeTarget "datastore-crud" */;
			buildPhases = (
				DEA55E7D16190B2B00E7AB2B /* Sources */,
				DEA55E7E16190B2B00E7AB2B /* Frameworks */,
				DEA55E7F16190B2B00E7AB2B /* Resources */,
			);
			buildRules = (
			);
			dependencies = (
			);
			name = "datastore-crud";
			productName = "datastore-crud";
			productReference = DEA55E8116190B2B00E7AB2B /* datastore-crud.app */;
			productType = "com.apple.product-type.application";
		};
/* End PBXNativeTarget section */

/* Begin PBXProject section */
		DEA55E7816190B2B00E7AB2B /* Project object */ = {
			isa = PBXProject;
			attributes = {
				LastUpgradeCheck = 0440;
				ORGANIZATIONNAME = StackMob;
			};
			buildConfigurationList = DEA55E7B16190B2B00E7AB2B /* Build configuration list for PBXProject "datastore-crud" */;
			compatibilityVersion = "Xcode 3.2";
			developmentRegion = English;
			hasScannedForEncodings = 0;
			knownRegions = (
				en,
			);
			mainGroup = DEA55E7616190B2B00E7AB2B;
			productRefGroup = DEA55E8216190B2B00E7AB2B /* Products */;
			projectDirPath = "";
			projectRoot = "";
			targets = (
				DEA55E8016190B2B00E7AB2B /* datastore-crud */,
			);
		};
/* End PBXProject section */

/* Begin PBXResourcesBuildPhase section */
		DEA55E7F16190B2B00E7AB2B /* Resources */ = {
			isa = PBXResourcesBuildPhase;
			buildActionMask = 2147483647;
			files = (
				DEA55E9016190B2B00E7AB2B /* InfoPlist.strings in Resources */,
				DEA55E9916190B2B00E7AB2B /* MainStoryboard.storyboard in Resources */,
				DEA55ECB16190BA600E7AB2B /* CHANGELOG.md in Resources */,
				DEE5C449162F35410024001B /* Default-568h@2x.png in Resources */,
			);
			runOnlyForDeploymentPostprocessing = 0;
		};
/* End PBXResourcesBuildPhase section */

/* Begin PBXSourcesBuildPhase section */
		DEA55E7D16190B2B00E7AB2B /* Sources */ = {
			isa = PBXSourcesBuildPhase;
			buildActionMask = 2147483647;
			files = (
				DEA55E9216190B2B00E7AB2B /* main.m in Sources */,
				DEA55E9616190B2B00E7AB2B /* AppDelegate.m in Sources */,
				DEA55E9C16190B2B00E7AB2B /* ViewController.m in Sources */,
			);
			runOnlyForDeploymentPostprocessing = 0;
		};
/* End PBXSourcesBuildPhase section */

/* Begin PBXVariantGroup section */
		DEA55E8E16190B2B00E7AB2B /* InfoPlist.strings */ = {
			isa = PBXVariantGroup;
			children = (
				DEA55E8F16190B2B00E7AB2B /* en */,
			);
			name = InfoPlist.strings;
			sourceTree = "<group>";
		};
		DEA55E9716190B2B00E7AB2B /* MainStoryboard.storyboard */ = {
			isa = PBXVariantGroup;
			children = (
				DEA55E9816190B2B00E7AB2B /* en */,
			);
			name = MainStoryboard.storyboard;
			sourceTree = "<group>";
		};
/* End PBXVariantGroup section */

/* Begin XCBuildConfiguration section */
		DEA55E9D16190B2B00E7AB2B /* Debug */ = {
			isa = XCBuildConfiguration;
			buildSettings = {
				ALWAYS_SEARCH_USER_PATHS = NO;
				ARCHS = "$(ARCHS_STANDARD_32_BIT)";
				CLANG_CXX_LANGUAGE_STANDARD = "gnu++0x";
				CLANG_ENABLE_OBJC_ARC = YES;
				CLANG_WARN__DUPLICATE_METHOD_MATCH = YES;
				"CODE_SIGN_IDENTITY[sdk=iphoneos*]" = "iPhone Developer";
				COPY_PHASE_STRIP = NO;
				GCC_C_LANGUAGE_STANDARD = gnu99;
				GCC_DYNAMIC_NO_PIC = NO;
				GCC_OPTIMIZATION_LEVEL = 0;
				GCC_PREPROCESSOR_DEFINITIONS = (
					"DEBUG=1",
					"$(inherited)",
				);
				GCC_SYMBOLS_PRIVATE_EXTERN = NO;
				GCC_VERSION = com.apple.compilers.llvm.clang.1_0;
				GCC_WARN_ABOUT_RETURN_TYPE = YES;
				GCC_WARN_UNINITIALIZED_AUTOS = YES;
				GCC_WARN_UNUSED_VARIABLE = YES;
				IPHONEOS_DEPLOYMENT_TARGET = 5.1;
				SDKROOT = iphoneos;
			};
			name = Debug;
		};
		DEA55E9E16190B2B00E7AB2B /* Release */ = {
			isa = XCBuildConfiguration;
			buildSettings = {
				ALWAYS_SEARCH_USER_PATHS = NO;
				ARCHS = "$(ARCHS_STANDARD_32_BIT)";
				CLANG_CXX_LANGUAGE_STANDARD = "gnu++0x";
				CLANG_ENABLE_OBJC_ARC = YES;
				CLANG_WARN__DUPLICATE_METHOD_MATCH = YES;
				"CODE_SIGN_IDENTITY[sdk=iphoneos*]" = "iPhone Developer";
				COPY_PHASE_STRIP = YES;
				GCC_C_LANGUAGE_STANDARD = gnu99;
				GCC_VERSION = com.apple.compilers.llvm.clang.1_0;
				GCC_WARN_ABOUT_RETURN_TYPE = YES;
				GCC_WARN_UNINITIALIZED_AUTOS = YES;
				GCC_WARN_UNUSED_VARIABLE = YES;
				IPHONEOS_DEPLOYMENT_TARGET = 5.1;
				OTHER_CFLAGS = "-DNS_BLOCK_ASSERTIONS=1";
				SDKROOT = iphoneos;
				VALIDATE_PRODUCT = YES;
			};
			name = Release;
		};
		DEA55EA016190B2B00E7AB2B /* Debug */ = {
			isa = XCBuildConfiguration;
			buildSettings = {
				GCC_PRECOMPILE_PREFIX_HEADER = YES;
				GCC_PREFIX_HEADER = "datastore-crud/datastore-crud-Prefix.pch";
				INFOPLIST_FILE = "datastore-crud/datastore-crud-Info.plist";
				LIBRARY_SEARCH_PATHS = (
					"$(inherited)",
					"\"$(SRCROOT)/StackMob-v1.1.3\"",
				);
				OTHER_LDFLAGS = "-ObjC";
				PRODUCT_NAME = "$(TARGET_NAME)";
				WRAPPER_EXTENSION = app;
			};
			name = Debug;
		};
		DEA55EA116190B2B00E7AB2B /* Release */ = {
			isa = XCBuildConfiguration;
			buildSettings = {
				GCC_PRECOMPILE_PREFIX_HEADER = YES;
				GCC_PREFIX_HEADER = "datastore-crud/datastore-crud-Prefix.pch";
				INFOPLIST_FILE = "datastore-crud/datastore-crud-Info.plist";
				LIBRARY_SEARCH_PATHS = (
					"$(inherited)",
					"\"$(SRCROOT)/StackMob-v1.1.3\"",
				);
				OTHER_LDFLAGS = "-ObjC";
				PRODUCT_NAME = "$(TARGET_NAME)";
				WRAPPER_EXTENSION = app;
			};
			name = Release;
		};
/* End XCBuildConfiguration section */

/* Begin XCConfigurationList section */
		DEA55E7B16190B2B00E7AB2B /* Build configuration list for PBXProject "datastore-crud" */ = {
			isa = XCConfigurationList;
			buildConfigurations = (
				DEA55E9D16190B2B00E7AB2B /* Debug */,
				DEA55E9E16190B2B00E7AB2B /* Release */,
			);
			defaultConfigurationIsVisible = 0;
			defaultConfigurationName = Release;
		};
		DEA55E9F16190B2B00E7AB2B /* Build configuration list for PBXNativeTarget "datastore-crud" */ = {
			isa = XCConfigurationList;
			buildConfigurations = (
				DEA55EA016190B2B00E7AB2B /* Debug */,
				DEA55EA116190B2B00E7AB2B /* Release */,
			);
			defaultConfigurationIsVisible = 0;
			defaultConfigurationName = Release;
		};
/* End XCConfigurationList section */
	};
	rootObject = DEA55E7816190B2B00E7AB2B /* Project object */;
}
