// !$*UTF8*$!
{
	archiveVersion = 1;
	classes = {
	};
	objectVersion = 46;
	objects = {

/* Begin PBXBuildFile section */
		1D24A6A016CCB09F00604C66 /* CoreLocation.framework in Frameworks */ = {isa = PBXBuildFile; fileRef = 1D24A69F16CCB09F00604C66 /* CoreLocation.framework */; };
		DE4BCB68161638D4003F4A66 /* UIKit.framework in Frameworks */ = {isa = PBXBuildFile; fileRef = DE4BCB67161638D4003F4A66 /* UIKit.framework */; };
		DE4BCB6A161638D4003F4A66 /* Foundation.framework in Frameworks */ = {isa = PBXBuildFile; fileRef = DE4BCB69161638D4003F4A66 /* Foundation.framework */; };
		DE4BCB6C161638D4003F4A66 /* CoreGraphics.framework in Frameworks */ = {isa = PBXBuildFile; fileRef = DE4BCB6B161638D4003F4A66 /* CoreGraphics.framework */; };
		DE4BCB72161638D4003F4A66 /* InfoPlist.strings in Resources */ = {isa = PBXBuildFile; fileRef = DE4BCB70161638D4003F4A66 /* InfoPlist.strings */; };
		DE4BCB74161638D4003F4A66 /* main.m in Sources */ = {isa = PBXBuildFile; fileRef = DE4BCB73161638D4003F4A66 /* main.m */; };
		DE4BCB78161638D4003F4A66 /* AppDelegate.m in Sources */ = {isa = PBXBuildFile; fileRef = DE4BCB77161638D4003F4A66 /* AppDelegate.m */; };
		DE4BCB7B161638D4003F4A66 /* MainStoryboard.storyboard in Resources */ = {isa = PBXBuildFile; fileRef = DE4BCB79161638D4003F4A66 /* MainStoryboard.storyboard */; };
		DE4BCB7E161638D4003F4A66 /* ViewController.m in Sources */ = {isa = PBXBuildFile; fileRef = DE4BCB7D161638D4003F4A66 /* ViewController.m */; };
		DE4BCB871616392E003F4A66 /* CoreData.framework in Frameworks */ = {isa = PBXBuildFile; fileRef = DE4BCB861616392E003F4A66 /* CoreData.framework */; };
		DE4BCB8A16163987003F4A66 /* mydatamodel.xcdatamodeld in Sources */ = {isa = PBXBuildFile; fileRef = DE4BCB8816163987003F4A66 /* mydatamodel.xcdatamodeld */; };
		DEE2A466165C177E0022391A /* SystemConfiguration.framework in Frameworks */ = {isa = PBXBuildFile; fileRef = DEE2A465165C177E0022391A /* SystemConfiguration.framework */; };
		DEE2A468165C17850022391A /* MobileCoreServices.framework in Frameworks */ = {isa = PBXBuildFile; fileRef = DEE2A467165C17850022391A /* MobileCoreServices.framework */; };
		DEE5409E1761715A00A1B192 /* CHANGELOG.md in Resources */ = {isa = PBXBuildFile; fileRef = DEE540671761715A00A1B192 /* CHANGELOG.md */; };
		DEE5409F1761715A00A1B192 /* libstackmob-v2.0.0.a in Frameworks */ = {isa = PBXBuildFile; fileRef = DEE5409D1761715A00A1B192 /* libstackmob-v2.0.0.a */; };
		DEE5C49E162F37500024001B /* Default-568h@2x.png in Resources */ = {isa = PBXBuildFile; fileRef = DEE5C49D162F37500024001B /* Default-568h@2x.png */; };
		DEE5C4A1162F375C0024001B /* Security.framework in Frameworks */ = {isa = PBXBuildFile; fileRef = DEE5C4A0162F375C0024001B /* Security.framework */; };
/* End PBXBuildFile section */

/* Begin PBXFileReference section */
		1D24A69F16CCB09F00604C66 /* CoreLocation.framework */ = {isa = PBXFileReference; lastKnownFileType = wrapper.framework; name = CoreLocation.framework; path = System/Library/Frameworks/CoreLocation.framework; sourceTree = SDKROOT; };
		DE4BCB63161638D4003F4A66 /* upload-to-s3.app */ = {isa = PBXFileReference; explicitFileType = wrapper.application; includeInIndex = 0; path = "upload-to-s3.app"; sourceTree = BUILT_PRODUCTS_DIR; };
		DE4BCB67161638D4003F4A66 /* UIKit.framework */ = {isa = PBXFileReference; lastKnownFileType = wrapper.framework; name = UIKit.framework; path = System/Library/Frameworks/UIKit.framework; sourceTree = SDKROOT; };
		DE4BCB69161638D4003F4A66 /* Foundation.framework */ = {isa = PBXFileReference; lastKnownFileType = wrapper.framework; name = Foundation.framework; path = System/Library/Frameworks/Foundation.framework; sourceTree = SDKROOT; };
		DE4BCB6B161638D4003F4A66 /* CoreGraphics.framework */ = {isa = PBXFileReference; lastKnownFileType = wrapper.framework; name = CoreGraphics.framework; path = System/Library/Frameworks/CoreGraphics.framework; sourceTree = SDKROOT; };
		DE4BCB6F161638D4003F4A66 /* upload-to-s3-Info.plist */ = {isa = PBXFileReference; lastKnownFileType = text.plist.xml; path = "upload-to-s3-Info.plist"; sourceTree = "<group>"; };
		DE4BCB71161638D4003F4A66 /* en */ = {isa = PBXFileReference; lastKnownFileType = text.plist.strings; name = en; path = en.lproj/InfoPlist.strings; sourceTree = "<group>"; };
		DE4BCB73161638D4003F4A66 /* main.m */ = {isa = PBXFileReference; lastKnownFileType = sourcecode.c.objc; path = main.m; sourceTree = "<group>"; };
		DE4BCB75161638D4003F4A66 /* upload-to-s3-Prefix.pch */ = {isa = PBXFileReference; lastKnownFileType = sourcecode.c.h; path = "upload-to-s3-Prefix.pch"; sourceTree = "<group>"; };
		DE4BCB76161638D4003F4A66 /* AppDelegate.h */ = {isa = PBXFileReference; lastKnownFileType = sourcecode.c.h; path = AppDelegate.h; sourceTree = "<group>"; };
		DE4BCB77161638D4003F4A66 /* AppDelegate.m */ = {isa = PBXFileReference; lastKnownFileType = sourcecode.c.objc; path = AppDelegate.m; sourceTree = "<group>"; };
		DE4BCB7A161638D4003F4A66 /* en */ = {isa = PBXFileReference; lastKnownFileType = file.storyboard; name = en; path = en.lproj/MainStoryboard.storyboard; sourceTree = "<group>"; };
		DE4BCB7C161638D4003F4A66 /* ViewController.h */ = {isa = PBXFileReference; lastKnownFileType = sourcecode.c.h; path = ViewController.h; sourceTree = "<group>"; };
		DE4BCB7D161638D4003F4A66 /* ViewController.m */ = {isa = PBXFileReference; lastKnownFileType = sourcecode.c.objc; path = ViewController.m; sourceTree = "<group>"; };
		DE4BCB861616392E003F4A66 /* CoreData.framework */ = {isa = PBXFileReference; lastKnownFileType = wrapper.framework; name = CoreData.framework; path = System/Library/Frameworks/CoreData.framework; sourceTree = SDKROOT; };
		DE4BCB8916163987003F4A66 /* mydatamodel.xcdatamodel */ = {isa = PBXFileReference; lastKnownFileType = wrapper.xcdatamodel; path = mydatamodel.xcdatamodel; sourceTree = "<group>"; };
		DEE2A465165C177E0022391A /* SystemConfiguration.framework */ = {isa = PBXFileReference; lastKnownFileType = wrapper.framework; name = SystemConfiguration.framework; path = System/Library/Frameworks/SystemConfiguration.framework; sourceTree = SDKROOT; };
		DEE2A467165C17850022391A /* MobileCoreServices.framework */ = {isa = PBXFileReference; lastKnownFileType = wrapper.framework; name = MobileCoreServices.framework; path = System/Library/Frameworks/MobileCoreServices.framework; sourceTree = SDKROOT; };
		DEE540671761715A00A1B192 /* CHANGELOG.md */ = {isa = PBXFileReference; fileEncoding = 4; lastKnownFileType = text; path = CHANGELOG.md; sourceTree = "<group>"; };
		DEE540691761715A00A1B192 /* AFHTTPClient+StackMob.h */ = {isa = PBXFileReference; fileEncoding = 4; lastKnownFileType = sourcecode.c.h; path = "AFHTTPClient+StackMob.h"; sourceTree = "<group>"; };
		DEE5406A1761715A00A1B192 /* AFHTTPRequestOperation+RemoveContentType.h */ = {isa = PBXFileReference; fileEncoding = 4; lastKnownFileType = sourcecode.c.h; path = "AFHTTPRequestOperation+RemoveContentType.h"; sourceTree = "<group>"; };
		DEE5406C1761715A00A1B192 /* AFHTTPClient.h */ = {isa = PBXFileReference; fileEncoding = 4; lastKnownFileType = sourcecode.c.h; path = AFHTTPClient.h; sourceTree = "<group>"; };
		DEE5406D1761715A00A1B192 /* AFHTTPRequestOperation.h */ = {isa = PBXFileReference; fileEncoding = 4; lastKnownFileType = sourcecode.c.h; path = AFHTTPRequestOperation.h; sourceTree = "<group>"; };
		DEE5406E1761715A00A1B192 /* AFImageRequestOperation.h */ = {isa = PBXFileReference; fileEncoding = 4; lastKnownFileType = sourcecode.c.h; path = AFImageRequestOperation.h; sourceTree = "<group>"; };
		DEE5406F1761715A00A1B192 /* AFJSONRequestOperation.h */ = {isa = PBXFileReference; fileEncoding = 4; lastKnownFileType = sourcecode.c.h; path = AFJSONRequestOperation.h; sourceTree = "<group>"; };
		DEE540701761715A00A1B192 /* AFNetworkActivityIndicatorManager.h */ = {isa = PBXFileReference; fileEncoding = 4; lastKnownFileType = sourcecode.c.h; path = AFNetworkActivityIndicatorManager.h; sourceTree = "<group>"; };
		DEE540711761715A00A1B192 /* AFNetworking.h */ = {isa = PBXFileReference; fileEncoding = 4; lastKnownFileType = sourcecode.c.h; path = AFNetworking.h; sourceTree = "<group>"; };
		DEE540721761715A00A1B192 /* AFPropertyListRequestOperation.h */ = {isa = PBXFileReference; fileEncoding = 4; lastKnownFileType = sourcecode.c.h; path = AFPropertyListRequestOperation.h; sourceTree = "<group>"; };
		DEE540731761715A00A1B192 /* AFURLConnectionOperation.h */ = {isa = PBXFileReference; fileEncoding = 4; lastKnownFileType = sourcecode.c.h; path = AFURLConnectionOperation.h; sourceTree = "<group>"; };
		DEE540741761715A00A1B192 /* AFXMLRequestOperation.h */ = {isa = PBXFileReference; fileEncoding = 4; lastKnownFileType = sourcecode.c.h; path = AFXMLRequestOperation.h; sourceTree = "<group>"; };
		DEE540751761715A00A1B192 /* UIImageView+AFNetworking.h */ = {isa = PBXFileReference; fileEncoding = 4; lastKnownFileType = sourcecode.c.h; path = "UIImageView+AFNetworking.h"; sourceTree = "<group>"; };
		DEE540761761715A00A1B192 /* Base64EncodedStringFromData.h */ = {isa = PBXFileReference; fileEncoding = 4; lastKnownFileType = sourcecode.c.h; path = Base64EncodedStringFromData.h; sourceTree = "<group>"; };
		DEE540771761715A00A1B192 /* Common.h */ = {isa = PBXFileReference; fileEncoding = 4; lastKnownFileType = sourcecode.c.h; path = Common.h; sourceTree = "<group>"; };
		DEE540781761715A00A1B192 /* FileManagement.h */ = {isa = PBXFileReference; fileEncoding = 4; lastKnownFileType = sourcecode.c.h; path = FileManagement.h; sourceTree = "<group>"; };
		DEE540791761715A00A1B192 /* KeychainWrapper.h */ = {isa = PBXFileReference; fileEncoding = 4; lastKnownFileType = sourcecode.c.h; path = KeychainWrapper.h; sourceTree = "<group>"; };
		DEE5407A1761715A00A1B192 /* NSArray+Enumerable.h */ = {isa = PBXFileReference; fileEncoding = 4; lastKnownFileType = sourcecode.c.h; path = "NSArray+Enumerable.h"; sourceTree = "<group>"; };
		DEE5407B1761715A00A1B192 /* NSDictionary+AtomicCounter.h */ = {isa = PBXFileReference; fileEncoding = 4; lastKnownFileType = sourcecode.c.h; path = "NSDictionary+AtomicCounter.h"; sourceTree = "<group>"; };
		DEE5407C1761715A00A1B192 /* NSEntityDescription+StackMobSerialization.h */ = {isa = PBXFileReference; fileEncoding = 4; lastKnownFileType = sourcecode.c.h; path = "NSEntityDescription+StackMobSerialization.h"; sourceTree = "<group>"; };
		DEE5407D1761715A00A1B192 /* NSManagedObject+StackMobSerialization.h */ = {isa = PBXFileReference; fileEncoding = 4; lastKnownFileType = sourcecode.c.h; path = "NSManagedObject+StackMobSerialization.h"; sourceTree = "<group>"; };
		DEE5407E1761715A00A1B192 /* NSManagedObjectContext+Concurrency.h */ = {isa = PBXFileReference; fileEncoding = 4; lastKnownFileType = sourcecode.c.h; path = "NSManagedObjectContext+Concurrency.h"; sourceTree = "<group>"; };
		DEE5407F1761715A00A1B192 /* SMBinaryDataConversion.h */ = {isa = PBXFileReference; fileEncoding = 4; lastKnownFileType = sourcecode.c.h; path = SMBinaryDataConversion.h; sourceTree = "<group>"; };
		DEE540801761715A00A1B192 /* SMClient.h */ = {isa = PBXFileReference; fileEncoding = 4; lastKnownFileType = sourcecode.c.h; path = SMClient.h; sourceTree = "<group>"; };
		DEE540811761715A00A1B192 /* SMCoreDataStore.h */ = {isa = PBXFileReference; fileEncoding = 4; lastKnownFileType = sourcecode.c.h; path = SMCoreDataStore.h; sourceTree = "<group>"; };
		DEE540821761715A00A1B192 /* SMCustomCodeRequest.h */ = {isa = PBXFileReference; fileEncoding = 4; lastKnownFileType = sourcecode.c.h; path = SMCustomCodeRequest.h; sourceTree = "<group>"; };
		DEE540831761715A00A1B192 /* SMDataStore+Protected.h */ = {isa = PBXFileReference; fileEncoding = 4; lastKnownFileType = sourcecode.c.h; path = "SMDataStore+Protected.h"; sourceTree = "<group>"; };
		DEE540841761715A00A1B192 /* SMDataStore.h */ = {isa = PBXFileReference; fileEncoding = 4; lastKnownFileType = sourcecode.c.h; path = SMDataStore.h; sourceTree = "<group>"; };
		DEE540851761715A00A1B192 /* SMError.h */ = {isa = PBXFileReference; fileEncoding = 4; lastKnownFileType = sourcecode.c.h; path = SMError.h; sourceTree = "<group>"; };
		DEE540861761715A00A1B192 /* SMGeoPoint.h */ = {isa = PBXFileReference; fileEncoding = 4; lastKnownFileType = sourcecode.c.h; path = SMGeoPoint.h; sourceTree = "<group>"; };
		DEE540871761715A00A1B192 /* SMIncrementalStore+Query.h */ = {isa = PBXFileReference; fileEncoding = 4; lastKnownFileType = sourcecode.c.h; path = "SMIncrementalStore+Query.h"; sourceTree = "<group>"; };
		DEE540881761715A00A1B192 /* SMIncrementalStore.h */ = {isa = PBXFileReference; fileEncoding = 4; lastKnownFileType = sourcecode.c.h; path = SMIncrementalStore.h; sourceTree = "<group>"; };
		DEE540891761715A00A1B192 /* SMIncrementalStoreNode.h */ = {isa = PBXFileReference; fileEncoding = 4; lastKnownFileType = sourcecode.c.h; path = SMIncrementalStoreNode.h; sourceTree = "<group>"; };
		DEE5408A1761715A00A1B192 /* SMJSONRequestOperation.h */ = {isa = PBXFileReference; fileEncoding = 4; lastKnownFileType = sourcecode.c.h; path = SMJSONRequestOperation.h; sourceTree = "<group>"; };
		DEE5408B1761715A00A1B192 /* SMLocationManager.h */ = {isa = PBXFileReference; fileEncoding = 4; lastKnownFileType = sourcecode.c.h; path = SMLocationManager.h; sourceTree = "<group>"; };
		DEE5408C1761715A00A1B192 /* SMNetworkReachability.h */ = {isa = PBXFileReference; fileEncoding = 4; lastKnownFileType = sourcecode.c.h; path = SMNetworkReachability.h; sourceTree = "<group>"; };
		DEE5408D1761715A00A1B192 /* SMOAuth1Client.h */ = {isa = PBXFileReference; fileEncoding = 4; lastKnownFileType = sourcecode.c.h; path = SMOAuth1Client.h; sourceTree = "<group>"; };
		DEE5408E1761715A00A1B192 /* SMOAuth2Client.h */ = {isa = PBXFileReference; fileEncoding = 4; lastKnownFileType = sourcecode.c.h; path = SMOAuth2Client.h; sourceTree = "<group>"; };
		DEE5408F1761715A00A1B192 /* SMPredicate.h */ = {isa = PBXFileReference; fileEncoding = 4; lastKnownFileType = sourcecode.c.h; path = SMPredicate.h; sourceTree = "<group>"; };
		DEE540901761715A00A1B192 /* SMPushClient.h */ = {isa = PBXFileReference; fileEncoding = 4; lastKnownFileType = sourcecode.c.h; path = SMPushClient.h; sourceTree = "<group>"; };
		DEE540911761715A00A1B192 /* SMPushToken.h */ = {isa = PBXFileReference; fileEncoding = 4; lastKnownFileType = sourcecode.c.h; path = SMPushToken.h; sourceTree = "<group>"; };
		DEE540921761715A00A1B192 /* SMQuery.h */ = {isa = PBXFileReference; fileEncoding = 4; lastKnownFileType = sourcecode.c.h; path = SMQuery.h; sourceTree = "<group>"; };
		DEE540931761715A00A1B192 /* SMRequestOptions.h */ = {isa = PBXFileReference; fileEncoding = 4; lastKnownFileType = sourcecode.c.h; path = SMRequestOptions.h; sourceTree = "<group>"; };
		DEE540941761715A00A1B192 /* SMResponseBlocks.h */ = {isa = PBXFileReference; fileEncoding = 4; lastKnownFileType = sourcecode.c.h; path = SMResponseBlocks.h; sourceTree = "<group>"; };
		DEE540951761715A00A1B192 /* SMSyncedObject.h */ = {isa = PBXFileReference; fileEncoding = 4; lastKnownFileType = sourcecode.c.h; path = SMSyncedObject.h; sourceTree = "<group>"; };
		DEE540961761715A00A1B192 /* SMUserManagedObject.h */ = {isa = PBXFileReference; fileEncoding = 4; lastKnownFileType = sourcecode.c.h; path = SMUserManagedObject.h; sourceTree = "<group>"; };
		DEE540971761715A00A1B192 /* SMUserSession.h */ = {isa = PBXFileReference; fileEncoding = 4; lastKnownFileType = sourcecode.c.h; path = SMUserSession.h; sourceTree = "<group>"; };
		DEE540981761715A00A1B192 /* SMVersion.h */ = {isa = PBXFileReference; fileEncoding = 4; lastKnownFileType = sourcecode.c.h; path = SMVersion.h; sourceTree = "<group>"; };
		DEE540991761715A00A1B192 /* StackMob.h */ = {isa = PBXFileReference; fileEncoding = 4; lastKnownFileType = sourcecode.c.h; path = StackMob.h; sourceTree = "<group>"; };
		DEE5409A1761715A00A1B192 /* StackMobPush.h */ = {isa = PBXFileReference; fileEncoding = 4; lastKnownFileType = sourcecode.c.h; path = StackMobPush.h; sourceTree = "<group>"; };
		DEE5409B1761715A00A1B192 /* Synchronization.h */ = {isa = PBXFileReference; fileEncoding = 4; lastKnownFileType = sourcecode.c.h; path = Synchronization.h; sourceTree = "<group>"; };
		DEE5409C1761715A00A1B192 /* SystemInformation.h */ = {isa = PBXFileReference; fileEncoding = 4; lastKnownFileType = sourcecode.c.h; path = SystemInformation.h; sourceTree = "<group>"; };
		DEE5409D1761715A00A1B192 /* libstackmob-v2.0.0.a */ = {isa = PBXFileReference; lastKnownFileType = archive.ar; path = "libstackmob-v2.0.0.a"; sourceTree = "<group>"; };
		DEE5C49D162F37500024001B /* Default-568h@2x.png */ = {isa = PBXFileReference; lastKnownFileType = image.png; path = "Default-568h@2x.png"; sourceTree = "<group>"; };
		DEE5C4A0162F375C0024001B /* Security.framework */ = {isa = PBXFileReference; lastKnownFileType = wrapper.framework; name = Security.framework; path = System/Library/Frameworks/Security.framework; sourceTree = SDKROOT; };
/* End PBXFileReference section */

/* Begin PBXFrameworksBuildPhase section */
		DE4BCB60161638D4003F4A66 /* Frameworks */ = {
			isa = PBXFrameworksBuildPhase;
			buildActionMask = 2147483647;
			files = (
				1D24A6A016CCB09F00604C66 /* CoreLocation.framework in Frameworks */,
				DEE2A468165C17850022391A /* MobileCoreServices.framework in Frameworks */,
				DEE2A466165C177E0022391A /* SystemConfiguration.framework in Frameworks */,
				DEE5C4A1162F375C0024001B /* Security.framework in Frameworks */,
				DE4BCB871616392E003F4A66 /* CoreData.framework in Frameworks */,
				DE4BCB68161638D4003F4A66 /* UIKit.framework in Frameworks */,
				DE4BCB6A161638D4003F4A66 /* Foundation.framework in Frameworks */,
				DE4BCB6C161638D4003F4A66 /* CoreGraphics.framework in Frameworks */,
				DEE5409F1761715A00A1B192 /* libstackmob-v2.0.0.a in Frameworks */,
			);
			runOnlyForDeploymentPostprocessing = 0;
		};
/* End PBXFrameworksBuildPhase section */

/* Begin PBXGroup section */
		DE4BCB58161638D4003F4A66 = {
			isa = PBXGroup;
			children = (
				DEE540661761715A00A1B192 /* StackMob-v2.0.0 */,
				DE4BCB6D161638D4003F4A66 /* upload-to-s3 */,
				DE4BCB66161638D4003F4A66 /* Frameworks */,
				DE4BCB64161638D4003F4A66 /* Products */,
			);
			sourceTree = "<group>";
		};
		DE4BCB64161638D4003F4A66 /* Products */ = {
			isa = PBXGroup;
			children = (
				DE4BCB63161638D4003F4A66 /* upload-to-s3.app */,
			);
			name = Products;
			sourceTree = "<group>";
		};
		DE4BCB66161638D4003F4A66 /* Frameworks */ = {
			isa = PBXGroup;
			children = (
				1D24A69F16CCB09F00604C66 /* CoreLocation.framework */,
				DEE2A467165C17850022391A /* MobileCoreServices.framework */,
				DEE2A465165C177E0022391A /* SystemConfiguration.framework */,
				DEE5C4A0162F375C0024001B /* Security.framework */,
				DE4BCB861616392E003F4A66 /* CoreData.framework */,
				DE4BCB67161638D4003F4A66 /* UIKit.framework */,
				DE4BCB69161638D4003F4A66 /* Foundation.framework */,
				DE4BCB6B161638D4003F4A66 /* CoreGraphics.framework */,
			);
			name = Frameworks;
			sourceTree = "<group>";
		};
		DE4BCB6D161638D4003F4A66 /* upload-to-s3 */ = {
			isa = PBXGroup;
			children = (
				DE4BCB76161638D4003F4A66 /* AppDelegate.h */,
				DE4BCB77161638D4003F4A66 /* AppDelegate.m */,
				DE4BCB79161638D4003F4A66 /* MainStoryboard.storyboard */,
				DE4BCB7C161638D4003F4A66 /* ViewController.h */,
				DE4BCB7D161638D4003F4A66 /* ViewController.m */,
				DE4BCB6E161638D4003F4A66 /* Supporting Files */,
				DE4BCB8816163987003F4A66 /* mydatamodel.xcdatamodeld */,
			);
			path = "upload-to-s3";
			sourceTree = "<group>";
		};
		DE4BCB6E161638D4003F4A66 /* Supporting Files */ = {
			isa = PBXGroup;
			children = (
				DEE5C49D162F37500024001B /* Default-568h@2x.png */,
				DE4BCB6F161638D4003F4A66 /* upload-to-s3-Info.plist */,
				DE4BCB70161638D4003F4A66 /* InfoPlist.strings */,
				DE4BCB73161638D4003F4A66 /* main.m */,
				DE4BCB75161638D4003F4A66 /* upload-to-s3-Prefix.pch */,
			);
			name = "Supporting Files";
			sourceTree = "<group>";
		};
		DEE540661761715A00A1B192 /* StackMob-v2.0.0 */ = {
			isa = PBXGroup;
			children = (
				DEE540671761715A00A1B192 /* CHANGELOG.md */,
				DEE540681761715A00A1B192 /* Headers */,
				DEE5409D1761715A00A1B192 /* libstackmob-v2.0.0.a */,
			);
			path = "StackMob-v2.0.0";
			sourceTree = "<group>";
		};
		DEE540681761715A00A1B192 /* Headers */ = {
			isa = PBXGroup;
			children = (
				DEE540691761715A00A1B192 /* AFHTTPClient+StackMob.h */,
				DEE5406A1761715A00A1B192 /* AFHTTPRequestOperation+RemoveContentType.h */,
				DEE5406B1761715A00A1B192 /* AFNetworking */,
				DEE540761761715A00A1B192 /* Base64EncodedStringFromData.h */,
				DEE540771761715A00A1B192 /* Common.h */,
				DEE540781761715A00A1B192 /* FileManagement.h */,
				DEE540791761715A00A1B192 /* KeychainWrapper.h */,
				DEE5407A1761715A00A1B192 /* NSArray+Enumerable.h */,
				DEE5407B1761715A00A1B192 /* NSDictionary+AtomicCounter.h */,
				DEE5407C1761715A00A1B192 /* NSEntityDescription+StackMobSerialization.h */,
				DEE5407D1761715A00A1B192 /* NSManagedObject+StackMobSerialization.h */,
				DEE5407E1761715A00A1B192 /* NSManagedObjectContext+Concurrency.h */,
				DEE5407F1761715A00A1B192 /* SMBinaryDataConversion.h */,
				DEE540801761715A00A1B192 /* SMClient.h */,
				DEE540811761715A00A1B192 /* SMCoreDataStore.h */,
				DEE540821761715A00A1B192 /* SMCustomCodeRequest.h */,
				DEE540831761715A00A1B192 /* SMDataStore+Protected.h */,
				DEE540841761715A00A1B192 /* SMDataStore.h */,
				DEE540851761715A00A1B192 /* SMError.h */,
				DEE540861761715A00A1B192 /* SMGeoPoint.h */,
				DEE540871761715A00A1B192 /* SMIncrementalStore+Query.h */,
				DEE540881761715A00A1B192 /* SMIncrementalStore.h */,
				DEE540891761715A00A1B192 /* SMIncrementalStoreNode.h */,
				DEE5408A1761715A00A1B192 /* SMJSONRequestOperation.h */,
				DEE5408B1761715A00A1B192 /* SMLocationManager.h */,
				DEE5408C1761715A00A1B192 /* SMNetworkReachability.h */,
				DEE5408D1761715A00A1B192 /* SMOAuth1Client.h */,
				DEE5408E1761715A00A1B192 /* SMOAuth2Client.h */,
				DEE5408F1761715A00A1B192 /* SMPredicate.h */,
				DEE540901761715A00A1B192 /* SMPushClient.h */,
				DEE540911761715A00A1B192 /* SMPushToken.h */,
				DEE540921761715A00A1B192 /* SMQuery.h */,
				DEE540931761715A00A1B192 /* SMRequestOptions.h */,
				DEE540941761715A00A1B192 /* SMResponseBlocks.h */,
				DEE540951761715A00A1B192 /* SMSyncedObject.h */,
				DEE540961761715A00A1B192 /* SMUserManagedObject.h */,
				DEE540971761715A00A1B192 /* SMUserSession.h */,
				DEE540981761715A00A1B192 /* SMVersion.h */,
				DEE540991761715A00A1B192 /* StackMob.h */,
				DEE5409A1761715A00A1B192 /* StackMobPush.h */,
				DEE5409B1761715A00A1B192 /* Synchronization.h */,
				DEE5409C1761715A00A1B192 /* SystemInformation.h */,
			);
			path = Headers;
			sourceTree = "<group>";
		};
		DEE5406B1761715A00A1B192 /* AFNetworking */ = {
			isa = PBXGroup;
			children = (
				DEE5406C1761715A00A1B192 /* AFHTTPClient.h */,
				DEE5406D1761715A00A1B192 /* AFHTTPRequestOperation.h */,
				DEE5406E1761715A00A1B192 /* AFImageRequestOperation.h */,
				DEE5406F1761715A00A1B192 /* AFJSONRequestOperation.h */,
				DEE540701761715A00A1B192 /* AFNetworkActivityIndicatorManager.h */,
				DEE540711761715A00A1B192 /* AFNetworking.h */,
				DEE540721761715A00A1B192 /* AFPropertyListRequestOperation.h */,
				DEE540731761715A00A1B192 /* AFURLConnectionOperation.h */,
				DEE540741761715A00A1B192 /* AFXMLRequestOperation.h */,
				DEE540751761715A00A1B192 /* UIImageView+AFNetworking.h */,
			);
			path = AFNetworking;
			sourceTree = "<group>";
		};
/* End PBXGroup section */

/* Begin PBXNativeTarget section */
		DE4BCB62161638D4003F4A66 /* upload-to-s3 */ = {
			isa = PBXNativeTarget;
			buildConfigurationList = DE4BCB81161638D4003F4A66 /* Build configuration list for PBXNativeTarget "upload-to-s3" */;
			buildPhases = (
				DE4BCB5F161638D4003F4A66 /* Sources */,
				DE4BCB60161638D4003F4A66 /* Frameworks */,
				DE4BCB61161638D4003F4A66 /* Resources */,
			);
			buildRules = (
			);
			dependencies = (
			);
			name = "upload-to-s3";
			productName = "upload-to-s3";
			productReference = DE4BCB63161638D4003F4A66 /* upload-to-s3.app */;
			productType = "com.apple.product-type.application";
		};
/* End PBXNativeTarget section */

/* Begin PBXProject section */
		DE4BCB5A161638D4003F4A66 /* Project object */ = {
			isa = PBXProject;
			attributes = {
				LastUpgradeCheck = 0460;
				ORGANIZATIONNAME = StackMob;
			};
			buildConfigurationList = DE4BCB5D161638D4003F4A66 /* Build configuration list for PBXProject "upload-to-s3" */;
			compatibilityVersion = "Xcode 3.2";
			developmentRegion = English;
			hasScannedForEncodings = 0;
			knownRegions = (
				en,
			);
			mainGroup = DE4BCB58161638D4003F4A66;
			productRefGroup = DE4BCB64161638D4003F4A66 /* Products */;
			projectDirPath = "";
			projectRoot = "";
			targets = (
				DE4BCB62161638D4003F4A66 /* upload-to-s3 */,
			);
		};
/* End PBXProject section */

/* Begin PBXResourcesBuildPhase section */
		DE4BCB61161638D4003F4A66 /* Resources */ = {
			isa = PBXResourcesBuildPhase;
			buildActionMask = 2147483647;
			files = (
				DE4BCB72161638D4003F4A66 /* InfoPlist.strings in Resources */,
				DE4BCB7B161638D4003F4A66 /* MainStoryboard.storyboard in Resources */,
				DEE5C49E162F37500024001B /* Default-568h@2x.png in Resources */,
				DEE5409E1761715A00A1B192 /* CHANGELOG.md in Resources */,
			);
			runOnlyForDeploymentPostprocessing = 0;
		};
/* End PBXResourcesBuildPhase section */

/* Begin PBXSourcesBuildPhase section */
		DE4BCB5F161638D4003F4A66 /* Sources */ = {
			isa = PBXSourcesBuildPhase;
			buildActionMask = 2147483647;
			files = (
				DE4BCB74161638D4003F4A66 /* main.m in Sources */,
				DE4BCB78161638D4003F4A66 /* AppDelegate.m in Sources */,
				DE4BCB7E161638D4003F4A66 /* ViewController.m in Sources */,
				DE4BCB8A16163987003F4A66 /* mydatamodel.xcdatamodeld in Sources */,
			);
			runOnlyForDeploymentPostprocessing = 0;
		};
/* End PBXSourcesBuildPhase section */

/* Begin PBXVariantGroup section */
		DE4BCB70161638D4003F4A66 /* InfoPlist.strings */ = {
			isa = PBXVariantGroup;
			children = (
				DE4BCB71161638D4003F4A66 /* en */,
			);
			name = InfoPlist.strings;
			sourceTree = "<group>";
		};
		DE4BCB79161638D4003F4A66 /* MainStoryboard.storyboard */ = {
			isa = PBXVariantGroup;
			children = (
				DE4BCB7A161638D4003F4A66 /* en */,
			);
			name = MainStoryboard.storyboard;
			sourceTree = "<group>";
		};
/* End PBXVariantGroup section */

/* Begin XCBuildConfiguration section */
		DE4BCB7F161638D4003F4A66 /* Debug */ = {
			isa = XCBuildConfiguration;
			buildSettings = {
				ALWAYS_SEARCH_USER_PATHS = NO;
				ARCHS = "$(ARCHS_STANDARD_32_BIT)";
				CLANG_CXX_LANGUAGE_STANDARD = "gnu++0x";
				CLANG_ENABLE_OBJC_ARC = YES;
				CLANG_WARN_CONSTANT_CONVERSION = YES;
				CLANG_WARN_ENUM_CONVERSION = YES;
				CLANG_WARN_INT_CONVERSION = YES;
				CLANG_WARN__DUPLICATE_METHOD_MATCH = YES;
				"CODE_SIGN_IDENTITY[sdk=iphoneos*]" = "iPhone Developer";
				COPY_PHASE_STRIP = NO;
				GCC_C_LANGUAGE_STANDARD = gnu99;
				GCC_DYNAMIC_NO_PIC = NO;
				GCC_OPTIMIZATION_LEVEL = 0;
				GCC_PREPROCESSOR_DEFINITIONS = (
					"DEBUG=1",
					"$(inherited)",
				);
				GCC_SYMBOLS_PRIVATE_EXTERN = NO;
				GCC_VERSION = com.apple.compilers.llvm.clang.1_0;
				GCC_WARN_ABOUT_RETURN_TYPE = YES;
				GCC_WARN_UNINITIALIZED_AUTOS = YES;
				GCC_WARN_UNUSED_VARIABLE = YES;
				IPHONEOS_DEPLOYMENT_TARGET = 5.1;
				SDKROOT = iphoneos;
			};
			name = Debug;
		};
		DE4BCB80161638D4003F4A66 /* Release */ = {
			isa = XCBuildConfiguration;
			buildSettings = {
				ALWAYS_SEARCH_USER_PATHS = NO;
				ARCHS = "$(ARCHS_STANDARD_32_BIT)";
				CLANG_CXX_LANGUAGE_STANDARD = "gnu++0x";
				CLANG_ENABLE_OBJC_ARC = YES;
				CLANG_WARN_CONSTANT_CONVERSION = YES;
				CLANG_WARN_ENUM_CONVERSION = YES;
				CLANG_WARN_INT_CONVERSION = YES;
				CLANG_WARN__DUPLICATE_METHOD_MATCH = YES;
				"CODE_SIGN_IDENTITY[sdk=iphoneos*]" = "iPhone Developer";
				COPY_PHASE_STRIP = YES;
				GCC_C_LANGUAGE_STANDARD = gnu99;
				GCC_VERSION = com.apple.compilers.llvm.clang.1_0;
				GCC_WARN_ABOUT_RETURN_TYPE = YES;
				GCC_WARN_UNINITIALIZED_AUTOS = YES;
				GCC_WARN_UNUSED_VARIABLE = YES;
				IPHONEOS_DEPLOYMENT_TARGET = 5.1;
				OTHER_CFLAGS = "-DNS_BLOCK_ASSERTIONS=1";
				SDKROOT = iphoneos;
				VALIDATE_PRODUCT = YES;
			};
			name = Release;
		};
		DE4BCB82161638D4003F4A66 /* Debug */ = {
			isa = XCBuildConfiguration;
			buildSettings = {
				GCC_PRECOMPILE_PREFIX_HEADER = YES;
				GCC_PREFIX_HEADER = "upload-to-s3/upload-to-s3-Prefix.pch";
				INFOPLIST_FILE = "upload-to-s3/upload-to-s3-Info.plist";
				LIBRARY_SEARCH_PATHS = (
					"$(inherited)",
					"\"$(SRCROOT)/StackMob-v2.0.0\"",
				);
				OTHER_LDFLAGS = "-ObjC";
				PRODUCT_NAME = "upload-to-s3";
				WRAPPER_EXTENSION = app;
			};
			name = Debug;
		};
		DE4BCB83161638D4003F4A66 /* Release */ = {
			isa = XCBuildConfiguration;
			buildSettings = {
				GCC_PRECOMPILE_PREFIX_HEADER = YES;
				GCC_PREFIX_HEADER = "upload-to-s3/upload-to-s3-Prefix.pch";
				INFOPLIST_FILE = "upload-to-s3/upload-to-s3-Info.plist";
				LIBRARY_SEARCH_PATHS = (
					"$(inherited)",
					"\"$(SRCROOT)/StackMob-v2.0.0\"",
				);
				OTHER_LDFLAGS = "-ObjC";
				PRODUCT_NAME = "upload-to-s3";
				WRAPPER_EXTENSION = app;
			};
			name = Release;
		};
/* End XCBuildConfiguration section */

/* Begin XCConfigurationList section */
		DE4BCB5D161638D4003F4A66 /* Build configuration list for PBXProject "upload-to-s3" */ = {
			isa = XCConfigurationList;
			buildConfigurations = (
				DE4BCB7F161638D4003F4A66 /* Debug */,
				DE4BCB80161638D4003F4A66 /* Release */,
			);
			defaultConfigurationIsVisible = 0;
			defaultConfigurationName = Release;
		};
		DE4BCB81161638D4003F4A66 /* Build configuration list for PBXNativeTarget "upload-to-s3" */ = {
			isa = XCConfigurationList;
			buildConfigurations = (
				DE4BCB82161638D4003F4A66 /* Debug */,
				DE4BCB83161638D4003F4A66 /* Release */,
			);
			defaultConfigurationIsVisible = 0;
			defaultConfigurationName = Release;
		};
/* End XCConfigurationList section */

/* Begin XCVersionGroup section */
		DE4BCB8816163987003F4A66 /* mydatamodel.xcdatamodeld */ = {
			isa = XCVersionGroup;
			children = (
				DE4BCB8916163987003F4A66 /* mydatamodel.xcdatamodel */,
			);
			currentVersion = DE4BCB8916163987003F4A66 /* mydatamodel.xcdatamodel */;
			path = mydatamodel.xcdatamodeld;
			sourceTree = "<group>";
			versionGroupType = wrapper.xcdatamodel;
		};
/* End XCVersionGroup section */
	};
	rootObject = DE4BCB5A161638D4003F4A66 /* Project object */;
}
